// !$*UTF8*$!
{
	archiveVersion = 1;
	classes = {
	};
	objectVersion = 54;
	objects = {

/* Begin PBXBuildFile section */
		00E356F31AD99517003FC87E /* ton_keeperTests.m in Sources */ = {isa = PBXBuildFile; fileRef = 00E356F21AD99517003FC87E /* ton_keeperTests.m */; };
		1C610F328FB84275E2FB6D32 /* ExpoModulesProvider.swift in Sources */ = {isa = PBXBuildFile; fileRef = 6AFA288D04A19A6FAE554C55 /* ExpoModulesProvider.swift */; };
		203A6A0E2760BD6800817B71 /* Montserrat-ExtraLightItalic.ttf in Resources */ = {isa = PBXBuildFile; fileRef = 203A69FC2760BD6700817B71 /* Montserrat-ExtraLightItalic.ttf */; };
		203A6A0F2760BD6800817B71 /* Montserrat-BoldItalic.ttf in Resources */ = {isa = PBXBuildFile; fileRef = 203A69FD2760BD6700817B71 /* Montserrat-BoldItalic.ttf */; };
		203A6A102760BD6800817B71 /* Montserrat-ExtraBoldItalic.ttf in Resources */ = {isa = PBXBuildFile; fileRef = 203A69FE2760BD6700817B71 /* Montserrat-ExtraBoldItalic.ttf */; };
		203A6A112760BD6800817B71 /* Montserrat-Italic.ttf in Resources */ = {isa = PBXBuildFile; fileRef = 203A69FF2760BD6700817B71 /* Montserrat-Italic.ttf */; };
		203A6A122760BD6800817B71 /* Montserrat-LightItalic.ttf in Resources */ = {isa = PBXBuildFile; fileRef = 203A6A002760BD6700817B71 /* Montserrat-LightItalic.ttf */; };
		203A6A132760BD6800817B71 /* Montserrat-Medium.ttf in Resources */ = {isa = PBXBuildFile; fileRef = 203A6A012760BD6700817B71 /* Montserrat-Medium.ttf */; };
		203A6A142760BD6800817B71 /* Montserrat-SemiBoldItalic.ttf in Resources */ = {isa = PBXBuildFile; fileRef = 203A6A022760BD6700817B71 /* Montserrat-SemiBoldItalic.ttf */; };
		203A6A152760BD6800817B71 /* Montserrat-ThinItalic.ttf in Resources */ = {isa = PBXBuildFile; fileRef = 203A6A032760BD6700817B71 /* Montserrat-ThinItalic.ttf */; };
		203A6A162760BD6800817B71 /* Montserrat-SemiBold.ttf in Resources */ = {isa = PBXBuildFile; fileRef = 203A6A042760BD6700817B71 /* Montserrat-SemiBold.ttf */; };
		203A6A172760BD6800817B71 /* Montserrat-Bold.ttf in Resources */ = {isa = PBXBuildFile; fileRef = 203A6A052760BD6700817B71 /* Montserrat-Bold.ttf */; };
		203A6A182760BD6800817B71 /* Montserrat-ExtraBold.ttf in Resources */ = {isa = PBXBuildFile; fileRef = 203A6A062760BD6700817B71 /* Montserrat-ExtraBold.ttf */; };
		203A6A192760BD6800817B71 /* Montserrat-Black.ttf in Resources */ = {isa = PBXBuildFile; fileRef = 203A6A072760BD6700817B71 /* Montserrat-Black.ttf */; };
		203A6A1A2760BD6800817B71 /* Montserrat-ExtraLight.ttf in Resources */ = {isa = PBXBuildFile; fileRef = 203A6A082760BD6700817B71 /* Montserrat-ExtraLight.ttf */; };
		203A6A1B2760BD6800817B71 /* Montserrat-Thin.ttf in Resources */ = {isa = PBXBuildFile; fileRef = 203A6A092760BD6700817B71 /* Montserrat-Thin.ttf */; };
		203A6A1C2760BD6800817B71 /* Montserrat-BlackItalic.ttf in Resources */ = {isa = PBXBuildFile; fileRef = 203A6A0A2760BD6700817B71 /* Montserrat-BlackItalic.ttf */; };
		203A6A1D2760BD6800817B71 /* Montserrat-MediumItalic.ttf in Resources */ = {isa = PBXBuildFile; fileRef = 203A6A0B2760BD6700817B71 /* Montserrat-MediumItalic.ttf */; };
		203A6A1E2760BD6800817B71 /* Montserrat-Light.ttf in Resources */ = {isa = PBXBuildFile; fileRef = 203A6A0C2760BD6800817B71 /* Montserrat-Light.ttf */; };
		203A6A1F2760BD6800817B71 /* Montserrat-Regular.ttf in Resources */ = {isa = PBXBuildFile; fileRef = 203A6A0D2760BD6800817B71 /* Montserrat-Regular.ttf */; };
		5008E612299F9D1400D4850B /* SFMono-Bold.otf in Resources */ = {isa = PBXBuildFile; fileRef = 5008E610299F9D1400D4850B /* SFMono-Bold.otf */; };
		5008E614299F9D1400D4850B /* SFMono-Medium.otf in Resources */ = {isa = PBXBuildFile; fileRef = 5008E611299F9D1400D4850B /* SFMono-Medium.otf */; };
		506008722B7F9EF10061C2CD /* StoreKit.framework in Frameworks */ = {isa = PBXBuildFile; fileRef = 506008712B7F9EF10061C2CD /* StoreKit.framework */; };
		76F9B0131AB7FE11009E6D10 /* libPods-ton_keeper-ton_keeperTests.a in Frameworks */ = {isa = PBXBuildFile; fileRef = FB5E03C54A755139D3788F39 /* libPods-ton_keeper-ton_keeperTests.a */; };
		78B9AC5F426C0F28766DEC94 /* ExpoModulesProvider.swift in Sources */ = {isa = PBXBuildFile; fileRef = 66D7306F36185132B3874D4C /* ExpoModulesProvider.swift */; };
		8D962335543EE7C6E1C6AB28 /* libPods-ton_keeper.a in Frameworks */ = {isa = PBXBuildFile; fileRef = 39C1C20FA83478354251FB2A /* libPods-ton_keeper.a */; };
		C42DA694291E696C000D9601 /* AuthService.swift in Sources */ = {isa = PBXBuildFile; fileRef = C42DA693291E696C000D9601 /* AuthService.swift */; };
		C4380874292BCFE600FF5669 /* R.generated.swift in Sources */ = {isa = PBXBuildFile; fileRef = C4380873292BCFE500FF5669 /* R.generated.swift */; };
		C4380877292BD26A00FF5669 /* PassCode.stringsdict in Resources */ = {isa = PBXBuildFile; fileRef = C4380879292BD26A00FF5669 /* PassCode.stringsdict */; };
		C438087C292BD3E200FF5669 /* CaseIterable+Next.swift in Sources */ = {isa = PBXBuildFile; fileRef = C438087B292BD3E200FF5669 /* CaseIterable+Next.swift */; };
		C438087F292CDBA200FF5669 /* PassCodeBlockTime.swift in Sources */ = {isa = PBXBuildFile; fileRef = C438087E292CDBA200FF5669 /* PassCodeBlockTime.swift */; };
		C44A3F93291D182F00C1D830 /* BiometryService.swift in Sources */ = {isa = PBXBuildFile; fileRef = C44A3F92291D182F00C1D830 /* BiometryService.swift */; };
		C44A3F96291D1DCE00C1D830 /* UIService.swift in Sources */ = {isa = PBXBuildFile; fileRef = C44A3F95291D1DCE00C1D830 /* UIService.swift */; };
		C44A3F98291D3C2700C1D830 /* UIWindow+Transition.swift in Sources */ = {isa = PBXBuildFile; fileRef = C44A3F97291D3C2700C1D830 /* UIWindow+Transition.swift */; };
		C47CF0DF293087F5004AB5EE /* PassCodePresenter.swift in Sources */ = {isa = PBXBuildFile; fileRef = C47CF0DE293087F5004AB5EE /* PassCodePresenter.swift */; };
		C47CF0E229309117004AB5EE /* PassCodeModule.swift in Sources */ = {isa = PBXBuildFile; fileRef = C47CF0E129309117004AB5EE /* PassCodeModule.swift */; };
		C4A5635B2918CFC8001DDA44 /* UIStackView+Init.swift in Sources */ = {isa = PBXBuildFile; fileRef = C4A5635A2918CFC8001DDA44 /* UIStackView+Init.swift */; };
		C4A5635D2918CFDB001DDA44 /* UIColor+Hex.swift in Sources */ = {isa = PBXBuildFile; fileRef = C4A5635C2918CFDB001DDA44 /* UIColor+Hex.swift */; };
		C4A563602918CFF9001DDA44 /* CGSize+Init.swift in Sources */ = {isa = PBXBuildFile; fileRef = C4A5635F2918CFF9001DDA44 /* CGSize+Init.swift */; };
		C4A563662918D11C001DDA44 /* PassCodeViewController.swift in Sources */ = {isa = PBXBuildFile; fileRef = C4A563642918D11C001DDA44 /* PassCodeViewController.swift */; };
		C4A563672918D11C001DDA44 /* PassCodeView.swift in Sources */ = {isa = PBXBuildFile; fileRef = C4A563652918D11C001DDA44 /* PassCodeView.swift */; };
		C4A563992918D30B001DDA44 /* PassCodeButton.swift in Sources */ = {isa = PBXBuildFile; fileRef = C4A563982918D30B001DDA44 /* PassCodeButton.swift */; };
		C4A5639B2918D372001DDA44 /* Palette.swift in Sources */ = {isa = PBXBuildFile; fileRef = C4A5639A2918D372001DDA44 /* Palette.swift */; };
		C4A563A22918D49C001DDA44 /* Theme+current.swift in Sources */ = {isa = PBXBuildFile; fileRef = C4A5639D2918D49C001DDA44 /* Theme+current.swift */; };
		C4A563A32918D49C001DDA44 /* ColorTheme.swift in Sources */ = {isa = PBXBuildFile; fileRef = C4A5639F2918D49C001DDA44 /* ColorTheme.swift */; };
		C4A563A42918D49C001DDA44 /* ThemeStyled.swift in Sources */ = {isa = PBXBuildFile; fileRef = C4A563A02918D49C001DDA44 /* ThemeStyled.swift */; };
		C4A563A52918D49C001DDA44 /* Theme.swift in Sources */ = {isa = PBXBuildFile; fileRef = C4A563A12918D49C001DDA44 /* Theme.swift */; };
		C4A563A82918D4CC001DDA44 /* BaseButton.swift in Sources */ = {isa = PBXBuildFile; fileRef = C4A563A72918D4CC001DDA44 /* BaseButton.swift */; };
		C4A563AB2918D531001DDA44 /* BaseView.swift in Sources */ = {isa = PBXBuildFile; fileRef = C4A563AA2918D531001DDA44 /* BaseView.swift */; };
		C4A563AE2918D546001DDA44 /* BaseViewController.swift in Sources */ = {isa = PBXBuildFile; fileRef = C4A563AD2918D546001DDA44 /* BaseViewController.swift */; };
		C4A563B02918D60E001DDA44 /* UIButton+BackgroundColorForState.swift in Sources */ = {isa = PBXBuildFile; fileRef = C4A563AF2918D60E001DDA44 /* UIButton+BackgroundColorForState.swift */; };
		C4A563B329191E14001DDA44 /* ServiceLocator.swift in Sources */ = {isa = PBXBuildFile; fileRef = C4A563B229191E14001DDA44 /* ServiceLocator.swift */; };
		C4A563B529191E22001DDA44 /* Autowired.swift in Sources */ = {isa = PBXBuildFile; fileRef = C4A563B429191E22001DDA44 /* Autowired.swift */; };
		C4A563BC291951FA001DDA44 /* SpacerView.swift in Sources */ = {isa = PBXBuildFile; fileRef = C4A563BB291951FA001DDA44 /* SpacerView.swift */; };
		C4A563BE2919522D001DDA44 /* PassCodeCircleView.swift in Sources */ = {isa = PBXBuildFile; fileRef = C4A563BD2919522D001DDA44 /* PassCodeCircleView.swift */; };
		C4A563C3291A916E001DDA44 /* Utils.swift in Sources */ = {isa = PBXBuildFile; fileRef = C4A563C2291A916E001DDA44 /* Utils.swift */; };
		C4A563C5291A9290001DDA44 /* Animations.swift in Sources */ = {isa = PBXBuildFile; fileRef = C4A563C4291A9290001DDA44 /* Animations.swift */; };
		C4B6F030291012DE0070E2BE /* KeychainServiceError.swift in Sources */ = {isa = PBXBuildFile; fileRef = C4B6F007291012DE0070E2BE /* KeychainServiceError.swift */; };
		C4B6F031291012DE0070E2BE /* KeychainService.swift in Sources */ = {isa = PBXBuildFile; fileRef = C4B6F008291012DE0070E2BE /* KeychainService.swift */; };
		C4B6F032291012DE0070E2BE /* Accessibility.swift in Sources */ = {isa = PBXBuildFile; fileRef = C4B6F009291012DE0070E2BE /* Accessibility.swift */; };
		C4B6F033291012DE0070E2BE /* AccessControl.swift in Sources */ = {isa = PBXBuildFile; fileRef = C4B6F00A291012DE0070E2BE /* AccessControl.swift */; };
		C4B6F034291012DE0070E2BE /* TonPbkdf2.m in Sources */ = {isa = PBXBuildFile; fileRef = C4B6F00B291012DE0070E2BE /* TonPbkdf2.m */; };
		C4B6F035291012DE0070E2BE /* Podfile.properties.json in Resources */ = {isa = PBXBuildFile; fileRef = C4B6F00E291012DE0070E2BE /* Podfile.properties.json */; };
		C4B6F036291012DE0070E2BE /* WalletStore.m in Sources */ = {isa = PBXBuildFile; fileRef = C4B6F010291012DE0070E2BE /* WalletStore.m */; };
		C4B6F037291012DE0070E2BE /* WalletError.swift in Sources */ = {isa = PBXBuildFile; fileRef = C4B6F012291012DE0070E2BE /* WalletError.swift */; };
		C4B6F038291012DE0070E2BE /* WalletInfo.swift in Sources */ = {isa = PBXBuildFile; fileRef = C4B6F013291012DE0070E2BE /* WalletInfo.swift */; };
		C4B6F039291012DE0070E2BE /* WalletStore.swift in Sources */ = {isa = PBXBuildFile; fileRef = C4B6F014291012DE0070E2BE /* WalletStore.swift */; };
		C4B6F03A291012DE0070E2BE /* GoogleService-Info.plist in Resources */ = {isa = PBXBuildFile; fileRef = C4B6F01C291012DE0070E2BE /* GoogleService-Info.plist */; };
		C4B6F03B291012DE0070E2BE /* SplashScreen.storyboard in Resources */ = {isa = PBXBuildFile; fileRef = C4B6F01D291012DE0070E2BE /* SplashScreen.storyboard */; };
		C4B6F03C291012DE0070E2BE /* File.swift in Sources */ = {isa = PBXBuildFile; fileRef = C4B6F01F291012DE0070E2BE /* File.swift */; };
		C4B6F03D291012DE0070E2BE /* main.m in Sources */ = {isa = PBXBuildFile; fileRef = C4B6F020291012DE0070E2BE /* main.m */; };
		C4B6F03E291012DE0070E2BE /* noop-file.swift in Sources */ = {isa = PBXBuildFile; fileRef = C4B6F021291012DE0070E2BE /* noop-file.swift */; };
		C4B6F03F291012DE0070E2BE /* Images.xcassets in Resources */ = {isa = PBXBuildFile; fileRef = C4B6F022291012DE0070E2BE /* Images.xcassets */; };
		C4B6F040291012DE0070E2BE /* AppDelegate.mm in Sources */ = {isa = PBXBuildFile; fileRef = C4B6F023291012DE0070E2BE /* AppDelegate.mm */; };
		C4B6F041291012DE0070E2BE /* Constants.swift in Sources */ = {isa = PBXBuildFile; fileRef = C4B6F025291012DE0070E2BE /* Constants.swift */; };
		C4B6F042291012DE0070E2BE /* UserDefaults+SaveStruct.swift in Sources */ = {isa = PBXBuildFile; fileRef = C4B6F029291012DE0070E2BE /* UserDefaults+SaveStruct.swift */; };
		C4B6F043291012DE0070E2BE /* JSONAble.swift in Sources */ = {isa = PBXBuildFile; fileRef = C4B6F02B291012DE0070E2BE /* JSONAble.swift */; };
		C4B6F044291012DE0070E2BE /* UserDefaultWrapper.swift in Sources */ = {isa = PBXBuildFile; fileRef = C4B6F02D291012DE0070E2BE /* UserDefaultWrapper.swift */; };
		C4B6F045291012DE0070E2BE /* UserDefaultsService.swift in Sources */ = {isa = PBXBuildFile; fileRef = C4B6F02E291012DE0070E2BE /* UserDefaultsService.swift */; };
		C4D3ADBC292E66D5001723FC /* ActionButton.swift in Sources */ = {isa = PBXBuildFile; fileRef = C4D3ADBB292E66D5001723FC /* ActionButton.swift */; };
		C4D3ADBE292E6980001723FC /* AppError.swift in Sources */ = {isa = PBXBuildFile; fileRef = C4D3ADBD292E6980001723FC /* AppError.swift */; };
		C4D3ADC1292E6B6D001723FC /* RoutingErrorCode.swift in Sources */ = {isa = PBXBuildFile; fileRef = C4D3ADC0292E6B6D001723FC /* RoutingErrorCode.swift */; };
		C4F5F2052927C85B00D08D79 /* PassCode.strings in Resources */ = {isa = PBXBuildFile; fileRef = C4F5F2072927C85B00D08D79 /* PassCode.strings */; };
		E651E3E92A7B6593008C9BCE /* SpoilerViewManager.swift in Sources */ = {isa = PBXBuildFile; fileRef = E651E3E82A7B6593008C9BCE /* SpoilerViewManager.swift */; };
		E651E3EC2A7B6693008C9BCE /* SpoilerViewManager.m in Sources */ = {isa = PBXBuildFile; fileRef = E651E3EB2A7B6693008C9BCE /* SpoilerViewManager.m */; };
/* End PBXBuildFile section */

/* Begin PBXContainerItemProxy section */
		00E356F41AD99517003FC87E /* PBXContainerItemProxy */ = {
			isa = PBXContainerItemProxy;
			containerPortal = 83CBB9F71A601CBA00E9B192 /* Project object */;
			proxyType = 1;
			remoteGlobalIDString = 13B07F861A680F5B00A75B9A;
			remoteInfo = ton_keeper;
		};
/* End PBXContainerItemProxy section */

/* Begin PBXFileReference section */
		00E356EE1AD99517003FC87E /* ton_keeperTests.xctest */ = {isa = PBXFileReference; explicitFileType = wrapper.cfbundle; includeInIndex = 0; path = ton_keeperTests.xctest; sourceTree = BUILT_PRODUCTS_DIR; };
		00E356F11AD99517003FC87E /* Info.plist */ = {isa = PBXFileReference; lastKnownFileType = text.plist.xml; path = Info.plist; sourceTree = "<group>"; };
		00E356F21AD99517003FC87E /* ton_keeperTests.m */ = {isa = PBXFileReference; lastKnownFileType = sourcecode.c.objc; path = ton_keeperTests.m; sourceTree = "<group>"; };
		13B07F961A680F5B00A75B9A /* ton_keeper.app */ = {isa = PBXFileReference; explicitFileType = wrapper.application; includeInIndex = 0; path = ton_keeper.app; sourceTree = BUILT_PRODUCTS_DIR; };
		13F2E6614DA413C5933FA7B3 /* Pods-ton_keeper-ton_keeperTests.release.xcconfig */ = {isa = PBXFileReference; includeInIndex = 1; lastKnownFileType = text.xcconfig; name = "Pods-ton_keeper-ton_keeperTests.release.xcconfig"; path = "Target Support Files/Pods-ton_keeper-ton_keeperTests/Pods-ton_keeper-ton_keeperTests.release.xcconfig"; sourceTree = "<group>"; };
		203A69FC2760BD6700817B71 /* Montserrat-ExtraLightItalic.ttf */ = {isa = PBXFileReference; lastKnownFileType = file; name = "Montserrat-ExtraLightItalic.ttf"; path = "../assets/fonts/Montserrat-ExtraLightItalic.ttf"; sourceTree = "<group>"; };
		203A69FD2760BD6700817B71 /* Montserrat-BoldItalic.ttf */ = {isa = PBXFileReference; lastKnownFileType = file; name = "Montserrat-BoldItalic.ttf"; path = "../assets/fonts/Montserrat-BoldItalic.ttf"; sourceTree = "<group>"; };
		203A69FE2760BD6700817B71 /* Montserrat-ExtraBoldItalic.ttf */ = {isa = PBXFileReference; lastKnownFileType = file; name = "Montserrat-ExtraBoldItalic.ttf"; path = "../assets/fonts/Montserrat-ExtraBoldItalic.ttf"; sourceTree = "<group>"; };
		203A69FF2760BD6700817B71 /* Montserrat-Italic.ttf */ = {isa = PBXFileReference; lastKnownFileType = file; name = "Montserrat-Italic.ttf"; path = "../assets/fonts/Montserrat-Italic.ttf"; sourceTree = "<group>"; };
		203A6A002760BD6700817B71 /* Montserrat-LightItalic.ttf */ = {isa = PBXFileReference; lastKnownFileType = file; name = "Montserrat-LightItalic.ttf"; path = "../assets/fonts/Montserrat-LightItalic.ttf"; sourceTree = "<group>"; };
		203A6A012760BD6700817B71 /* Montserrat-Medium.ttf */ = {isa = PBXFileReference; lastKnownFileType = file; name = "Montserrat-Medium.ttf"; path = "../assets/fonts/Montserrat-Medium.ttf"; sourceTree = "<group>"; };
		203A6A022760BD6700817B71 /* Montserrat-SemiBoldItalic.ttf */ = {isa = PBXFileReference; lastKnownFileType = file; name = "Montserrat-SemiBoldItalic.ttf"; path = "../assets/fonts/Montserrat-SemiBoldItalic.ttf"; sourceTree = "<group>"; };
		203A6A032760BD6700817B71 /* Montserrat-ThinItalic.ttf */ = {isa = PBXFileReference; lastKnownFileType = file; name = "Montserrat-ThinItalic.ttf"; path = "../assets/fonts/Montserrat-ThinItalic.ttf"; sourceTree = "<group>"; };
		203A6A042760BD6700817B71 /* Montserrat-SemiBold.ttf */ = {isa = PBXFileReference; lastKnownFileType = file; name = "Montserrat-SemiBold.ttf"; path = "../assets/fonts/Montserrat-SemiBold.ttf"; sourceTree = "<group>"; };
		203A6A052760BD6700817B71 /* Montserrat-Bold.ttf */ = {isa = PBXFileReference; lastKnownFileType = file; name = "Montserrat-Bold.ttf"; path = "../assets/fonts/Montserrat-Bold.ttf"; sourceTree = "<group>"; };
		203A6A062760BD6700817B71 /* Montserrat-ExtraBold.ttf */ = {isa = PBXFileReference; lastKnownFileType = file; name = "Montserrat-ExtraBold.ttf"; path = "../assets/fonts/Montserrat-ExtraBold.ttf"; sourceTree = "<group>"; };
		203A6A072760BD6700817B71 /* Montserrat-Black.ttf */ = {isa = PBXFileReference; lastKnownFileType = file; name = "Montserrat-Black.ttf"; path = "../assets/fonts/Montserrat-Black.ttf"; sourceTree = "<group>"; };
		203A6A082760BD6700817B71 /* Montserrat-ExtraLight.ttf */ = {isa = PBXFileReference; lastKnownFileType = file; name = "Montserrat-ExtraLight.ttf"; path = "../assets/fonts/Montserrat-ExtraLight.ttf"; sourceTree = "<group>"; };
		203A6A092760BD6700817B71 /* Montserrat-Thin.ttf */ = {isa = PBXFileReference; lastKnownFileType = file; name = "Montserrat-Thin.ttf"; path = "../assets/fonts/Montserrat-Thin.ttf"; sourceTree = "<group>"; };
		203A6A0A2760BD6700817B71 /* Montserrat-BlackItalic.ttf */ = {isa = PBXFileReference; lastKnownFileType = file; name = "Montserrat-BlackItalic.ttf"; path = "../assets/fonts/Montserrat-BlackItalic.ttf"; sourceTree = "<group>"; };
		203A6A0B2760BD6700817B71 /* Montserrat-MediumItalic.ttf */ = {isa = PBXFileReference; lastKnownFileType = file; name = "Montserrat-MediumItalic.ttf"; path = "../assets/fonts/Montserrat-MediumItalic.ttf"; sourceTree = "<group>"; };
		203A6A0C2760BD6800817B71 /* Montserrat-Light.ttf */ = {isa = PBXFileReference; lastKnownFileType = file; name = "Montserrat-Light.ttf"; path = "../assets/fonts/Montserrat-Light.ttf"; sourceTree = "<group>"; };
		203A6A0D2760BD6800817B71 /* Montserrat-Regular.ttf */ = {isa = PBXFileReference; lastKnownFileType = file; name = "Montserrat-Regular.ttf"; path = "../assets/fonts/Montserrat-Regular.ttf"; sourceTree = "<group>"; };
		39C1C20FA83478354251FB2A /* libPods-ton_keeper.a */ = {isa = PBXFileReference; explicitFileType = archive.ar; includeInIndex = 0; path = "libPods-ton_keeper.a"; sourceTree = BUILT_PRODUCTS_DIR; };
		5008E610299F9D1400D4850B /* SFMono-Bold.otf */ = {isa = PBXFileReference; lastKnownFileType = file; name = "SFMono-Bold.otf"; path = "../assets/fonts/SFMono-Bold.otf"; sourceTree = "<group>"; };
		5008E611299F9D1400D4850B /* SFMono-Medium.otf */ = {isa = PBXFileReference; lastKnownFileType = file; name = "SFMono-Medium.otf"; path = "../assets/fonts/SFMono-Medium.otf"; sourceTree = "<group>"; };
		506008712B7F9EF10061C2CD /* StoreKit.framework */ = {isa = PBXFileReference; lastKnownFileType = wrapper.framework; name = StoreKit.framework; path = System/Library/Frameworks/StoreKit.framework; sourceTree = SDKROOT; };
		50AD04972AD96A5C00E0648C /* tr */ = {isa = PBXFileReference; lastKnownFileType = text.plist.strings; name = tr; path = tr.lproj/PassCode.strings; sourceTree = "<group>"; };
		50AD04982AD96A5D00E0648C /* tr */ = {isa = PBXFileReference; lastKnownFileType = text.plist.stringsdict; name = tr; path = tr.lproj/PassCode.stringsdict; sourceTree = "<group>"; };
		50AD04992AD96AFA00E0648C /* zh-Hans */ = {isa = PBXFileReference; lastKnownFileType = text.plist.strings; name = "zh-Hans"; path = "zh-Hans.lproj/PassCode.strings"; sourceTree = "<group>"; };
		50AD049A2AD96AFA00E0648C /* zh-Hans */ = {isa = PBXFileReference; lastKnownFileType = text.plist.stringsdict; name = "zh-Hans"; path = "zh-Hans.lproj/PassCode.stringsdict"; sourceTree = "<group>"; };
		66B33E2FC88F6DF6B498F962 /* Pods-ton_keeper-ton_keeperTests.debug.xcconfig */ = {isa = PBXFileReference; includeInIndex = 1; lastKnownFileType = text.xcconfig; name = "Pods-ton_keeper-ton_keeperTests.debug.xcconfig"; path = "Target Support Files/Pods-ton_keeper-ton_keeperTests/Pods-ton_keeper-ton_keeperTests.debug.xcconfig"; sourceTree = "<group>"; };
		66D7306F36185132B3874D4C /* ExpoModulesProvider.swift */ = {isa = PBXFileReference; includeInIndex = 1; lastKnownFileType = sourcecode.swift; name = ExpoModulesProvider.swift; path = "Pods/Target Support Files/Pods-ton_keeper-ton_keeperTests/ExpoModulesProvider.swift"; sourceTree = "<group>"; };
		6AFA288D04A19A6FAE554C55 /* ExpoModulesProvider.swift */ = {isa = PBXFileReference; includeInIndex = 1; lastKnownFileType = sourcecode.swift; name = ExpoModulesProvider.swift; path = "Pods/Target Support Files/Pods-ton_keeper/ExpoModulesProvider.swift"; sourceTree = "<group>"; };
		90508C4783A2D53FE0CB11CF /* Pods-ton_keeper.release.xcconfig */ = {isa = PBXFileReference; includeInIndex = 1; lastKnownFileType = text.xcconfig; name = "Pods-ton_keeper.release.xcconfig"; path = "Target Support Files/Pods-ton_keeper/Pods-ton_keeper.release.xcconfig"; sourceTree = "<group>"; };
		C42DA693291E696C000D9601 /* AuthService.swift */ = {isa = PBXFileReference; lastKnownFileType = sourcecode.swift; path = AuthService.swift; sourceTree = "<group>"; };
		C4380873292BCFE500FF5669 /* R.generated.swift */ = {isa = PBXFileReference; fileEncoding = 4; lastKnownFileType = sourcecode.swift; path = R.generated.swift; sourceTree = "<group>"; };
		C4380878292BD26A00FF5669 /* en */ = {isa = PBXFileReference; lastKnownFileType = text.plist.stringsdict; name = en; path = en.lproj/PassCode.stringsdict; sourceTree = "<group>"; };
		C438087A292BD26C00FF5669 /* ru */ = {isa = PBXFileReference; lastKnownFileType = text.plist.stringsdict; name = ru; path = ru.lproj/PassCode.stringsdict; sourceTree = "<group>"; };
		C438087B292BD3E200FF5669 /* CaseIterable+Next.swift */ = {isa = PBXFileReference; lastKnownFileType = sourcecode.swift; path = "CaseIterable+Next.swift"; sourceTree = "<group>"; };
		C438087E292CDBA200FF5669 /* PassCodeBlockTime.swift */ = {isa = PBXFileReference; lastKnownFileType = sourcecode.swift; path = PassCodeBlockTime.swift; sourceTree = "<group>"; };
		C44A3F92291D182F00C1D830 /* BiometryService.swift */ = {isa = PBXFileReference; lastKnownFileType = sourcecode.swift; path = BiometryService.swift; sourceTree = "<group>"; };
		C44A3F95291D1DCE00C1D830 /* UIService.swift */ = {isa = PBXFileReference; lastKnownFileType = sourcecode.swift; path = UIService.swift; sourceTree = "<group>"; };
		C44A3F97291D3C2700C1D830 /* UIWindow+Transition.swift */ = {isa = PBXFileReference; lastKnownFileType = sourcecode.swift; path = "UIWindow+Transition.swift"; sourceTree = "<group>"; };
		C47CF0DE293087F5004AB5EE /* PassCodePresenter.swift */ = {isa = PBXFileReference; lastKnownFileType = sourcecode.swift; path = PassCodePresenter.swift; sourceTree = "<group>"; };
		C47CF0E129309117004AB5EE /* PassCodeModule.swift */ = {isa = PBXFileReference; lastKnownFileType = sourcecode.swift; path = PassCodeModule.swift; sourceTree = "<group>"; };
		C4A5635A2918CFC8001DDA44 /* UIStackView+Init.swift */ = {isa = PBXFileReference; lastKnownFileType = sourcecode.swift; path = "UIStackView+Init.swift"; sourceTree = "<group>"; };
		C4A5635C2918CFDB001DDA44 /* UIColor+Hex.swift */ = {isa = PBXFileReference; lastKnownFileType = sourcecode.swift; path = "UIColor+Hex.swift"; sourceTree = "<group>"; };
		C4A5635F2918CFF9001DDA44 /* CGSize+Init.swift */ = {isa = PBXFileReference; lastKnownFileType = sourcecode.swift; path = "CGSize+Init.swift"; sourceTree = "<group>"; };
		C4A563642918D11C001DDA44 /* PassCodeViewController.swift */ = {isa = PBXFileReference; indentWidth = 2; lastKnownFileType = sourcecode.swift; path = PassCodeViewController.swift; sourceTree = "<group>"; tabWidth = 2; };
		C4A563652918D11C001DDA44 /* PassCodeView.swift */ = {isa = PBXFileReference; lastKnownFileType = sourcecode.swift; path = PassCodeView.swift; sourceTree = "<group>"; };
		C4A563982918D30B001DDA44 /* PassCodeButton.swift */ = {isa = PBXFileReference; lastKnownFileType = sourcecode.swift; path = PassCodeButton.swift; sourceTree = "<group>"; };
		C4A5639A2918D372001DDA44 /* Palette.swift */ = {isa = PBXFileReference; lastKnownFileType = sourcecode.swift; path = Palette.swift; sourceTree = "<group>"; };
		C4A5639D2918D49C001DDA44 /* Theme+current.swift */ = {isa = PBXFileReference; fileEncoding = 4; lastKnownFileType = sourcecode.swift; path = "Theme+current.swift"; sourceTree = "<group>"; };
		C4A5639F2918D49C001DDA44 /* ColorTheme.swift */ = {isa = PBXFileReference; fileEncoding = 4; lastKnownFileType = sourcecode.swift; path = ColorTheme.swift; sourceTree = "<group>"; };
		C4A563A02918D49C001DDA44 /* ThemeStyled.swift */ = {isa = PBXFileReference; fileEncoding = 4; lastKnownFileType = sourcecode.swift; path = ThemeStyled.swift; sourceTree = "<group>"; };
		C4A563A12918D49C001DDA44 /* Theme.swift */ = {isa = PBXFileReference; fileEncoding = 4; lastKnownFileType = sourcecode.swift; path = Theme.swift; sourceTree = "<group>"; };
		C4A563A72918D4CC001DDA44 /* BaseButton.swift */ = {isa = PBXFileReference; lastKnownFileType = sourcecode.swift; path = BaseButton.swift; sourceTree = "<group>"; };
		C4A563AA2918D531001DDA44 /* BaseView.swift */ = {isa = PBXFileReference; lastKnownFileType = sourcecode.swift; path = BaseView.swift; sourceTree = "<group>"; };
		C4A563AD2918D546001DDA44 /* BaseViewController.swift */ = {isa = PBXFileReference; lastKnownFileType = sourcecode.swift; path = BaseViewController.swift; sourceTree = "<group>"; };
		C4A563AF2918D60E001DDA44 /* UIButton+BackgroundColorForState.swift */ = {isa = PBXFileReference; lastKnownFileType = sourcecode.swift; path = "UIButton+BackgroundColorForState.swift"; sourceTree = "<group>"; };
		C4A563B229191E14001DDA44 /* ServiceLocator.swift */ = {isa = PBXFileReference; lastKnownFileType = sourcecode.swift; path = ServiceLocator.swift; sourceTree = "<group>"; };
		C4A563B429191E22001DDA44 /* Autowired.swift */ = {isa = PBXFileReference; lastKnownFileType = sourcecode.swift; path = Autowired.swift; sourceTree = "<group>"; };
		C4A563BB291951FA001DDA44 /* SpacerView.swift */ = {isa = PBXFileReference; lastKnownFileType = sourcecode.swift; path = SpacerView.swift; sourceTree = "<group>"; };
		C4A563BD2919522D001DDA44 /* PassCodeCircleView.swift */ = {isa = PBXFileReference; lastKnownFileType = sourcecode.swift; path = PassCodeCircleView.swift; sourceTree = "<group>"; };
		C4A563C2291A916E001DDA44 /* Utils.swift */ = {isa = PBXFileReference; lastKnownFileType = sourcecode.swift; path = Utils.swift; sourceTree = "<group>"; };
		C4A563C4291A9290001DDA44 /* Animations.swift */ = {isa = PBXFileReference; lastKnownFileType = sourcecode.swift; path = Animations.swift; sourceTree = "<group>"; };
		C4B6F004291012DD0070E2BE /* ton_keeper-Bridging-Header.h */ = {isa = PBXFileReference; fileEncoding = 4; lastKnownFileType = sourcecode.c.h; path = "ton_keeper-Bridging-Header.h"; sourceTree = "<group>"; };
		C4B6F007291012DE0070E2BE /* KeychainServiceError.swift */ = {isa = PBXFileReference; fileEncoding = 4; lastKnownFileType = sourcecode.swift; path = KeychainServiceError.swift; sourceTree = "<group>"; };
		C4B6F008291012DE0070E2BE /* KeychainService.swift */ = {isa = PBXFileReference; fileEncoding = 4; lastKnownFileType = sourcecode.swift; path = KeychainService.swift; sourceTree = "<group>"; };
		C4B6F009291012DE0070E2BE /* Accessibility.swift */ = {isa = PBXFileReference; fileEncoding = 4; lastKnownFileType = sourcecode.swift; path = Accessibility.swift; sourceTree = "<group>"; };
		C4B6F00A291012DE0070E2BE /* AccessControl.swift */ = {isa = PBXFileReference; fileEncoding = 4; lastKnownFileType = sourcecode.swift; path = AccessControl.swift; sourceTree = "<group>"; };
		C4B6F00B291012DE0070E2BE /* TonPbkdf2.m */ = {isa = PBXFileReference; fileEncoding = 4; lastKnownFileType = sourcecode.c.objc; path = TonPbkdf2.m; sourceTree = "<group>"; };
		C4B6F00C291012DE0070E2BE /* ton_keeper.entitlements */ = {isa = PBXFileReference; fileEncoding = 4; lastKnownFileType = text.plist.entitlements; path = ton_keeper.entitlements; sourceTree = "<group>"; };
		C4B6F00D291012DE0070E2BE /* AppDelegate.h */ = {isa = PBXFileReference; fileEncoding = 4; lastKnownFileType = sourcecode.c.h; path = AppDelegate.h; sourceTree = "<group>"; };
		C4B6F00E291012DE0070E2BE /* Podfile.properties.json */ = {isa = PBXFileReference; fileEncoding = 4; lastKnownFileType = text.json; path = Podfile.properties.json; sourceTree = "<group>"; };
		C4B6F010291012DE0070E2BE /* WalletStore.m */ = {isa = PBXFileReference; fileEncoding = 4; lastKnownFileType = sourcecode.c.objc; path = WalletStore.m; sourceTree = "<group>"; };
		C4B6F012291012DE0070E2BE /* WalletError.swift */ = {isa = PBXFileReference; fileEncoding = 4; lastKnownFileType = sourcecode.swift; path = WalletError.swift; sourceTree = "<group>"; };
		C4B6F013291012DE0070E2BE /* WalletInfo.swift */ = {isa = PBXFileReference; fileEncoding = 4; lastKnownFileType = sourcecode.swift; path = WalletInfo.swift; sourceTree = "<group>"; };
		C4B6F014291012DE0070E2BE /* WalletStore.swift */ = {isa = PBXFileReference; fileEncoding = 4; lastKnownFileType = sourcecode.swift; path = WalletStore.swift; sourceTree = "<group>"; };
		C4B6F01C291012DE0070E2BE /* GoogleService-Info.plist */ = {isa = PBXFileReference; fileEncoding = 4; lastKnownFileType = text.plist.xml; path = "GoogleService-Info.plist"; sourceTree = "<group>"; };
		C4B6F01D291012DE0070E2BE /* SplashScreen.storyboard */ = {isa = PBXFileReference; fileEncoding = 4; lastKnownFileType = file.storyboard; path = SplashScreen.storyboard; sourceTree = "<group>"; };
		C4B6F01E291012DE0070E2BE /* TonPbkdf2.h */ = {isa = PBXFileReference; fileEncoding = 4; lastKnownFileType = sourcecode.c.h; path = TonPbkdf2.h; sourceTree = "<group>"; };
		C4B6F01F291012DE0070E2BE /* File.swift */ = {isa = PBXFileReference; fileEncoding = 4; lastKnownFileType = sourcecode.swift; path = File.swift; sourceTree = "<group>"; };
		C4B6F020291012DE0070E2BE /* main.m */ = {isa = PBXFileReference; fileEncoding = 4; lastKnownFileType = sourcecode.c.objc; path = main.m; sourceTree = "<group>"; };
		C4B6F021291012DE0070E2BE /* noop-file.swift */ = {isa = PBXFileReference; fileEncoding = 4; lastKnownFileType = sourcecode.swift; path = "noop-file.swift"; sourceTree = "<group>"; };
		C4B6F022291012DE0070E2BE /* Images.xcassets */ = {isa = PBXFileReference; lastKnownFileType = folder.assetcatalog; path = Images.xcassets; sourceTree = "<group>"; };
		C4B6F023291012DE0070E2BE /* AppDelegate.mm */ = {isa = PBXFileReference; fileEncoding = 4; lastKnownFileType = sourcecode.cpp.objcpp; path = AppDelegate.mm; sourceTree = "<group>"; };
		C4B6F025291012DE0070E2BE /* Constants.swift */ = {isa = PBXFileReference; fileEncoding = 4; lastKnownFileType = sourcecode.swift; path = Constants.swift; sourceTree = "<group>"; };
		C4B6F029291012DE0070E2BE /* UserDefaults+SaveStruct.swift */ = {isa = PBXFileReference; fileEncoding = 4; lastKnownFileType = sourcecode.swift; path = "UserDefaults+SaveStruct.swift"; sourceTree = "<group>"; };
		C4B6F02B291012DE0070E2BE /* JSONAble.swift */ = {isa = PBXFileReference; fileEncoding = 4; lastKnownFileType = sourcecode.swift; path = JSONAble.swift; sourceTree = "<group>"; };
		C4B6F02D291012DE0070E2BE /* UserDefaultWrapper.swift */ = {isa = PBXFileReference; fileEncoding = 4; lastKnownFileType = sourcecode.swift; path = UserDefaultWrapper.swift; sourceTree = "<group>"; };
		C4B6F02E291012DE0070E2BE /* UserDefaultsService.swift */ = {isa = PBXFileReference; fileEncoding = 4; lastKnownFileType = sourcecode.swift; path = UserDefaultsService.swift; sourceTree = "<group>"; };
		C4B6F02F291012DE0070E2BE /* Info.plist */ = {isa = PBXFileReference; fileEncoding = 4; lastKnownFileType = text.plist.xml; path = Info.plist; sourceTree = "<group>"; };
		C4D3ADBB292E66D5001723FC /* ActionButton.swift */ = {isa = PBXFileReference; lastKnownFileType = sourcecode.swift; path = ActionButton.swift; sourceTree = "<group>"; };
		C4D3ADBD292E6980001723FC /* AppError.swift */ = {isa = PBXFileReference; lastKnownFileType = sourcecode.swift; path = AppError.swift; sourceTree = "<group>"; };
		C4D3ADC0292E6B6D001723FC /* RoutingErrorCode.swift */ = {isa = PBXFileReference; lastKnownFileType = sourcecode.swift; path = RoutingErrorCode.swift; sourceTree = "<group>"; };
		C4F5F2062927C85B00D08D79 /* en */ = {isa = PBXFileReference; lastKnownFileType = text.plist.strings; name = en; path = en.lproj/PassCode.strings; sourceTree = "<group>"; };
		C4F5F2082927C88200D08D79 /* ru */ = {isa = PBXFileReference; lastKnownFileType = text.plist.strings; name = ru; path = ru.lproj/PassCode.strings; sourceTree = "<group>"; };
		C4FB2EE22912AF2700CB35D0 /* OpenSSL.xcframework */ = {isa = PBXFileReference; lastKnownFileType = wrapper.xcframework; path = OpenSSL.xcframework; sourceTree = "<group>"; };
		C4FB2EE32912AF2700CB35D0 /* TON.xcframework */ = {isa = PBXFileReference; lastKnownFileType = wrapper.xcframework; path = TON.xcframework; sourceTree = "<group>"; };
		C6251834116392B3FC02BA37 /* Pods-ton_keeper.debug.xcconfig */ = {isa = PBXFileReference; includeInIndex = 1; lastKnownFileType = text.xcconfig; name = "Pods-ton_keeper.debug.xcconfig"; path = "Target Support Files/Pods-ton_keeper/Pods-ton_keeper.debug.xcconfig"; sourceTree = "<group>"; };
		E651E3E82A7B6593008C9BCE /* SpoilerViewManager.swift */ = {isa = PBXFileReference; lastKnownFileType = sourcecode.swift; path = SpoilerViewManager.swift; sourceTree = "<group>"; };
		E651E3EB2A7B6693008C9BCE /* SpoilerViewManager.m */ = {isa = PBXFileReference; lastKnownFileType = sourcecode.c.objc; path = SpoilerViewManager.m; sourceTree = "<group>"; };
		ED297162215061F000B7C4FE /* JavaScriptCore.framework */ = {isa = PBXFileReference; lastKnownFileType = wrapper.framework; name = JavaScriptCore.framework; path = System/Library/Frameworks/JavaScriptCore.framework; sourceTree = SDKROOT; };
		FB5E03C54A755139D3788F39 /* libPods-ton_keeper-ton_keeperTests.a */ = {isa = PBXFileReference; explicitFileType = archive.ar; includeInIndex = 0; path = "libPods-ton_keeper-ton_keeperTests.a"; sourceTree = BUILT_PRODUCTS_DIR; };
/* End PBXFileReference section */

/* Begin PBXFrameworksBuildPhase section */
		00E356EB1AD99517003FC87E /* Frameworks */ = {
			isa = PBXFrameworksBuildPhase;
			buildActionMask = 2147483647;
			files = (
				76F9B0131AB7FE11009E6D10 /* libPods-ton_keeper-ton_keeperTests.a in Frameworks */,
			);
			runOnlyForDeploymentPostprocessing = 0;
		};
		13B07F8C1A680F5B00A75B9A /* Frameworks */ = {
			isa = PBXFrameworksBuildPhase;
			buildActionMask = 2147483647;
			files = (
				8D962335543EE7C6E1C6AB28 /* libPods-ton_keeper.a in Frameworks */,
				506008722B7F9EF10061C2CD /* StoreKit.framework in Frameworks */,
			);
			runOnlyForDeploymentPostprocessing = 0;
		};
/* End PBXFrameworksBuildPhase section */

/* Begin PBXGroup section */
		00E356EF1AD99517003FC87E /* ton_keeperTests */ = {
			isa = PBXGroup;
			children = (
				00E356F21AD99517003FC87E /* ton_keeperTests.m */,
				00E356F01AD99517003FC87E /* Supporting Files */,
			);
			path = ton_keeperTests;
			sourceTree = "<group>";
		};
		00E356F01AD99517003FC87E /* Supporting Files */ = {
			isa = PBXGroup;
			children = (
				00E356F11AD99517003FC87E /* Info.plist */,
			);
			name = "Supporting Files";
			sourceTree = "<group>";
		};
		1B61C4297D2FE35A2E4E1C24 /* ExpoModulesProviders */ = {
			isa = PBXGroup;
			children = (
				481FBE53C2C18F1DED038AE3 /* ton_keeper */,
				8C4DB1AAD14E7A63A7D1603D /* ton_keeperTests */,
			);
			name = ExpoModulesProviders;
			sourceTree = "<group>";
		};
		2D16E6871FA4F8E400B85C8A /* Frameworks */ = {
			isa = PBXGroup;
			children = (
				506008712B7F9EF10061C2CD /* StoreKit.framework */,
				C4FB2EE22912AF2700CB35D0 /* OpenSSL.xcframework */,
				C4FB2EE32912AF2700CB35D0 /* TON.xcframework */,
				ED297162215061F000B7C4FE /* JavaScriptCore.framework */,
				39C1C20FA83478354251FB2A /* libPods-ton_keeper.a */,
				FB5E03C54A755139D3788F39 /* libPods-ton_keeper-ton_keeperTests.a */,
			);
			name = Frameworks;
			sourceTree = "<group>";
		};
		481FBE53C2C18F1DED038AE3 /* ton_keeper */ = {
			isa = PBXGroup;
			children = (
				6AFA288D04A19A6FAE554C55 /* ExpoModulesProvider.swift */,
			);
			name = ton_keeper;
			sourceTree = "<group>";
		};
		832341AE1AAA6A7D00B99B32 /* Libraries */ = {
			isa = PBXGroup;
			children = (
			);
			name = Libraries;
			sourceTree = "<group>";
		};
		83CBB9F61A601CBA00E9B192 = {
			isa = PBXGroup;
			children = (
				C4B6F005291012DE0070E2BE /* ton_keeper */,
				C4B6F004291012DD0070E2BE /* ton_keeper-Bridging-Header.h */,
				832341AE1AAA6A7D00B99B32 /* Libraries */,
				00E356EF1AD99517003FC87E /* ton_keeperTests */,
				83CBBA001A601CBA00E9B192 /* Products */,
				2D16E6871FA4F8E400B85C8A /* Frameworks */,
				F725F67D0D4B970B9615D4F3 /* Pods */,
				C80173ED49C3443EA1F97BA9 /* Resources */,
				1B61C4297D2FE35A2E4E1C24 /* ExpoModulesProviders */,
			);
			indentWidth = 2;
			sourceTree = "<group>";
			tabWidth = 2;
			usesTabs = 0;
		};
		83CBBA001A601CBA00E9B192 /* Products */ = {
			isa = PBXGroup;
			children = (
				13B07F961A680F5B00A75B9A /* ton_keeper.app */,
				00E356EE1AD99517003FC87E /* ton_keeperTests.xctest */,
			);
			name = Products;
			sourceTree = "<group>";
		};
		8C4DB1AAD14E7A63A7D1603D /* ton_keeperTests */ = {
			isa = PBXGroup;
			children = (
				66D7306F36185132B3874D4C /* ExpoModulesProvider.swift */,
			);
			name = ton_keeperTests;
			sourceTree = "<group>";
		};
		C42DA692291E695F000D9601 /* AuthService */ = {
			isa = PBXGroup;
			children = (
				C42DA693291E696C000D9601 /* AuthService.swift */,
			);
			path = AuthService;
			sourceTree = "<group>";
		};
		C438087D292CDB8D00FF5669 /* Model */ = {
			isa = PBXGroup;
			children = (
				C438087E292CDBA200FF5669 /* PassCodeBlockTime.swift */,
			);
			path = Model;
			sourceTree = "<group>";
		};
		C44A3F91291D181700C1D830 /* BiometryService */ = {
			isa = PBXGroup;
			children = (
				C44A3F92291D182F00C1D830 /* BiometryService.swift */,
			);
			path = BiometryService;
			sourceTree = "<group>";
		};
		C44A3F94291D1DC400C1D830 /* UIService */ = {
			isa = PBXGroup;
			children = (
				C44A3F95291D1DCE00C1D830 /* UIService.swift */,
			);
			path = UIService;
			sourceTree = "<group>";
		};
		C47CF0DD293087E2004AB5EE /* Presenter */ = {
			isa = PBXGroup;
			children = (
				C47CF0DE293087F5004AB5EE /* PassCodePresenter.swift */,
			);
			path = Presenter;
			sourceTree = "<group>";
		};
		C47CF0E02930910B004AB5EE /* Module */ = {
			isa = PBXGroup;
			children = (
				C47CF0E129309117004AB5EE /* PassCodeModule.swift */,
			);
			path = Module;
			sourceTree = "<group>";
		};
		C4A563532918CDB8001DDA44 /* Resources */ = {
			isa = PBXGroup;
			children = (
				C4F5F20A2927C97C00D08D79 /* Generated */,
				C4F5F2022927C81800D08D79 /* Localizable */,
				C4B6F022291012DE0070E2BE /* Images.xcassets */,
				C4A5639A2918D372001DDA44 /* Palette.swift */,
			);
			path = Resources;
			sourceTree = "<group>";
		};
		C4A563552918CE8F001DDA44 /* Legacy */ = {
			isa = PBXGroup;
			children = (
				C4B6F01E291012DE0070E2BE /* TonPbkdf2.h */,
				C4B6F00B291012DE0070E2BE /* TonPbkdf2.m */,
				C4B6F01D291012DE0070E2BE /* SplashScreen.storyboard */,
				C4B6F01F291012DE0070E2BE /* File.swift */,
				C4B6F021291012DE0070E2BE /* noop-file.swift */,
			);
			path = Legacy;
			sourceTree = "<group>";
		};
		C4A563562918CF92001DDA44 /* Application */ = {
			isa = PBXGroup;
			children = (
				C4B6F00D291012DE0070E2BE /* AppDelegate.h */,
				C4B6F023291012DE0070E2BE /* AppDelegate.mm */,
				C4B6F020291012DE0070E2BE /* main.m */,
				C4A563B129191E07001DDA44 /* ServiceLocator */,
				C4A563612918D04A001DDA44 /* Services */,
			);
			path = Application;
			sourceTree = "<group>";
		};
		C4A563572918CFAA001DDA44 /* Common */ = {
			isa = PBXGroup;
			children = (
				C4A563C1291A9160001DDA44 /* Helper */,
				C4A563682918D135001DDA44 /* UI */,
				C4B6F02A291012DE0070E2BE /* Models */,
				C4A563582918CFB2001DDA44 /* Extension */,
			);
			path = Common;
			sourceTree = "<group>";
		};
		C4A563582918CFB2001DDA44 /* Extension */ = {
			isa = PBXGroup;
			children = (
				C4B6F028291012DE0070E2BE /* Foundation */,
				C4A5635E2918CFED001DDA44 /* CoreGraphics */,
				C4A563592918CFBC001DDA44 /* UIKit */,
			);
			path = Extension;
			sourceTree = "<group>";
		};
		C4A563592918CFBC001DDA44 /* UIKit */ = {
			isa = PBXGroup;
			children = (
				C4A5635A2918CFC8001DDA44 /* UIStackView+Init.swift */,
				C4A5635C2918CFDB001DDA44 /* UIColor+Hex.swift */,
				C4A563AF2918D60E001DDA44 /* UIButton+BackgroundColorForState.swift */,
				C44A3F97291D3C2700C1D830 /* UIWindow+Transition.swift */,
			);
			path = UIKit;
			sourceTree = "<group>";
		};
		C4A5635E2918CFED001DDA44 /* CoreGraphics */ = {
			isa = PBXGroup;
			children = (
				C4A5635F2918CFF9001DDA44 /* CGSize+Init.swift */,
			);
			path = CoreGraphics;
			sourceTree = "<group>";
		};
		C4A563612918D04A001DDA44 /* Services */ = {
			isa = PBXGroup;
			children = (
				C42DA692291E695F000D9601 /* AuthService */,
				C44A3F94291D1DC400C1D830 /* UIService */,
				C44A3F91291D181700C1D830 /* BiometryService */,
				C4B6F006291012DE0070E2BE /* KeychainService */,
				C4B6F02C291012DE0070E2BE /* UserDefaultsService */,
				C4B6F00F291012DE0070E2BE /* WalletStore */,
			);
			path = Services;
			sourceTree = "<group>";
		};
		C4A563622918D0B0001DDA44 /* Modules */ = {
			isa = PBXGroup;
			children = (
				C4A563632918D0B9001DDA44 /* PassCode */,
			);
			path = Modules;
			sourceTree = "<group>";
		};
		C4A563632918D0B9001DDA44 /* PassCode */ = {
			isa = PBXGroup;
			children = (
				C47CF0E02930910B004AB5EE /* Module */,
				C47CF0DD293087E2004AB5EE /* Presenter */,
				C438087D292CDB8D00FF5669 /* Model */,
				C4A563702918D224001DDA44 /* View */,
			);
			path = PassCode;
			sourceTree = "<group>";
		};
		C4A563682918D135001DDA44 /* UI */ = {
			isa = PBXGroup;
			children = (
				C4D3ADBA292E66C8001723FC /* Views */,
				C4A563BA291951ED001DDA44 /* StackSpacer */,
				C4A563692918D13B001DDA44 /* BaseClasses */,
				C4A5639C2918D49C001DDA44 /* Theme */,
			);
			path = UI;
			sourceTree = "<group>";
		};
		C4A563692918D13B001DDA44 /* BaseClasses */ = {
			isa = PBXGroup;
			children = (
				C4A563A62918D4C2001DDA44 /* BaseButton */,
				C4A563A92918D52A001DDA44 /* BaseView */,
				C4A563AC2918D53D001DDA44 /* BaseViewController */,
			);
			path = BaseClasses;
			sourceTree = "<group>";
		};
		C4A563702918D224001DDA44 /* View */ = {
			isa = PBXGroup;
			children = (
				C4A563972918D2F1001DDA44 /* Subview */,
				C4A563652918D11C001DDA44 /* PassCodeView.swift */,
				C4A563642918D11C001DDA44 /* PassCodeViewController.swift */,
			);
			path = View;
			sourceTree = "<group>";
		};
		C4A563972918D2F1001DDA44 /* Subview */ = {
			isa = PBXGroup;
			children = (
				C4A563982918D30B001DDA44 /* PassCodeButton.swift */,
				C4A563BD2919522D001DDA44 /* PassCodeCircleView.swift */,
			);
			path = Subview;
			sourceTree = "<group>";
		};
		C4A5639C2918D49C001DDA44 /* Theme */ = {
			isa = PBXGroup;
			children = (
				C4A563A12918D49C001DDA44 /* Theme.swift */,
				C4A5639D2918D49C001DDA44 /* Theme+current.swift */,
				C4A563A02918D49C001DDA44 /* ThemeStyled.swift */,
				C4A5639E2918D49C001DDA44 /* Color */,
			);
			path = Theme;
			sourceTree = "<group>";
		};
		C4A5639E2918D49C001DDA44 /* Color */ = {
			isa = PBXGroup;
			children = (
				C4A5639F2918D49C001DDA44 /* ColorTheme.swift */,
			);
			path = Color;
			sourceTree = "<group>";
		};
		C4A563A62918D4C2001DDA44 /* BaseButton */ = {
			isa = PBXGroup;
			children = (
				C4A563A72918D4CC001DDA44 /* BaseButton.swift */,
			);
			path = BaseButton;
			sourceTree = "<group>";
		};
		C4A563A92918D52A001DDA44 /* BaseView */ = {
			isa = PBXGroup;
			children = (
				C4A563AA2918D531001DDA44 /* BaseView.swift */,
			);
			path = BaseView;
			sourceTree = "<group>";
		};
		C4A563AC2918D53D001DDA44 /* BaseViewController */ = {
			isa = PBXGroup;
			children = (
				C4A563AD2918D546001DDA44 /* BaseViewController.swift */,
			);
			path = BaseViewController;
			sourceTree = "<group>";
		};
		C4A563B129191E07001DDA44 /* ServiceLocator */ = {
			isa = PBXGroup;
			children = (
				C4A563B229191E14001DDA44 /* ServiceLocator.swift */,
				C4A563B429191E22001DDA44 /* Autowired.swift */,
			);
			path = ServiceLocator;
			sourceTree = "<group>";
		};
		C4A563BA291951ED001DDA44 /* StackSpacer */ = {
			isa = PBXGroup;
			children = (
				C4A563BB291951FA001DDA44 /* SpacerView.swift */,
			);
			path = StackSpacer;
			sourceTree = "<group>";
		};
		C4A563C1291A9160001DDA44 /* Helper */ = {
			isa = PBXGroup;
			children = (
				C4A563C2291A916E001DDA44 /* Utils.swift */,
				C4A563C4291A9290001DDA44 /* Animations.swift */,
			);
			path = Helper;
			sourceTree = "<group>";
		};
		C4B6F005291012DE0070E2BE /* ton_keeper */ = {
			isa = PBXGroup;
			children = (
				C4B6F00C291012DE0070E2BE /* ton_keeper.entitlements */,
				C4A563562918CF92001DDA44 /* Application */,
				C4A563572918CFAA001DDA44 /* Common */,
				C4A563552918CE8F001DDA44 /* Legacy */,
				C4A563622918D0B0001DDA44 /* Modules */,
				C4A563532918CDB8001DDA44 /* Resources */,
				C4B6F024291012DE0070E2BE /* SupportingFiles */,
			);
			path = ton_keeper;
			sourceTree = "<group>";
		};
		C4B6F006291012DE0070E2BE /* KeychainService */ = {
			isa = PBXGroup;
			children = (
				C4B6F007291012DE0070E2BE /* KeychainServiceError.swift */,
				C4B6F008291012DE0070E2BE /* KeychainService.swift */,
				C4B6F009291012DE0070E2BE /* Accessibility.swift */,
				C4B6F00A291012DE0070E2BE /* AccessControl.swift */,
			);
			path = KeychainService;
			sourceTree = "<group>";
		};
		C4B6F00F291012DE0070E2BE /* WalletStore */ = {
			isa = PBXGroup;
			children = (
				C4B6F010291012DE0070E2BE /* WalletStore.m */,
				C4B6F014291012DE0070E2BE /* WalletStore.swift */,
				C4B6F011291012DE0070E2BE /* Model */,
			);
			path = WalletStore;
			sourceTree = "<group>";
		};
		C4B6F011291012DE0070E2BE /* Model */ = {
			isa = PBXGroup;
			children = (
				C4B6F012291012DE0070E2BE /* WalletError.swift */,
				C4B6F013291012DE0070E2BE /* WalletInfo.swift */,
			);
			path = Model;
			sourceTree = "<group>";
		};
		C4B6F024291012DE0070E2BE /* SupportingFiles */ = {
			isa = PBXGroup;
			children = (
				C4B6F00E291012DE0070E2BE /* Podfile.properties.json */,
				C4B6F01C291012DE0070E2BE /* GoogleService-Info.plist */,
				C4B6F02F291012DE0070E2BE /* Info.plist */,
				C4B6F025291012DE0070E2BE /* Constants.swift */,
			);
			path = SupportingFiles;
			sourceTree = "<group>";
		};
		C4B6F028291012DE0070E2BE /* Foundation */ = {
			isa = PBXGroup;
			children = (
				C4B6F029291012DE0070E2BE /* UserDefaults+SaveStruct.swift */,
				C438087B292BD3E200FF5669 /* CaseIterable+Next.swift */,
			);
			path = Foundation;
			sourceTree = "<group>";
		};
		C4B6F02A291012DE0070E2BE /* Models */ = {
			isa = PBXGroup;
			children = (
				C4D3ADBF292E6B61001723FC /* Error */,
				C4B6F02B291012DE0070E2BE /* JSONAble.swift */,
			);
			path = Models;
			sourceTree = "<group>";
		};
		C4B6F02C291012DE0070E2BE /* UserDefaultsService */ = {
			isa = PBXGroup;
			children = (
				C4B6F02D291012DE0070E2BE /* UserDefaultWrapper.swift */,
				C4B6F02E291012DE0070E2BE /* UserDefaultsService.swift */,
			);
			path = UserDefaultsService;
			sourceTree = "<group>";
		};
		C4D3ADBA292E66C8001723FC /* Views */ = {
			isa = PBXGroup;
			children = (
				C4D3ADBB292E66D5001723FC /* ActionButton.swift */,
				E651E3EA2A7B65AB008C9BCE /* SpoilerView */,
			);
			path = Views;
			sourceTree = "<group>";
		};
		C4D3ADBF292E6B61001723FC /* Error */ = {
			isa = PBXGroup;
			children = (
				C4D3ADBD292E6980001723FC /* AppError.swift */,
				C4D3ADC0292E6B6D001723FC /* RoutingErrorCode.swift */,
			);
			path = Error;
			sourceTree = "<group>";
		};
		C4F5F2022927C81800D08D79 /* Localizable */ = {
			isa = PBXGroup;
			children = (
				C4F5F2072927C85B00D08D79 /* PassCode.strings */,
				C4380879292BD26A00FF5669 /* PassCode.stringsdict */,
			);
			path = Localizable;
			sourceTree = "<group>";
		};
		C4F5F20A2927C97C00D08D79 /* Generated */ = {
			isa = PBXGroup;
			children = (
				C4380873292BCFE500FF5669 /* R.generated.swift */,
			);
			path = Generated;
			sourceTree = "<group>";
		};
		C80173ED49C3443EA1F97BA9 /* Resources */ = {
			isa = PBXGroup;
			children = (
				5008E610299F9D1400D4850B /* SFMono-Bold.otf */,
				5008E611299F9D1400D4850B /* SFMono-Medium.otf */,
				203A6A072760BD6700817B71 /* Montserrat-Black.ttf */,
				203A6A0A2760BD6700817B71 /* Montserrat-BlackItalic.ttf */,
				203A6A052760BD6700817B71 /* Montserrat-Bold.ttf */,
				203A69FD2760BD6700817B71 /* Montserrat-BoldItalic.ttf */,
				203A6A062760BD6700817B71 /* Montserrat-ExtraBold.ttf */,
				203A69FE2760BD6700817B71 /* Montserrat-ExtraBoldItalic.ttf */,
				203A6A082760BD6700817B71 /* Montserrat-ExtraLight.ttf */,
				203A69FC2760BD6700817B71 /* Montserrat-ExtraLightItalic.ttf */,
				203A69FF2760BD6700817B71 /* Montserrat-Italic.ttf */,
				203A6A0C2760BD6800817B71 /* Montserrat-Light.ttf */,
				203A6A002760BD6700817B71 /* Montserrat-LightItalic.ttf */,
				203A6A012760BD6700817B71 /* Montserrat-Medium.ttf */,
				203A6A0B2760BD6700817B71 /* Montserrat-MediumItalic.ttf */,
				203A6A0D2760BD6800817B71 /* Montserrat-Regular.ttf */,
				203A6A042760BD6700817B71 /* Montserrat-SemiBold.ttf */,
				203A6A022760BD6700817B71 /* Montserrat-SemiBoldItalic.ttf */,
				203A6A092760BD6700817B71 /* Montserrat-Thin.ttf */,
				203A6A032760BD6700817B71 /* Montserrat-ThinItalic.ttf */,
			);
			name = Resources;
			sourceTree = "<group>";
		};
		E651E3EA2A7B65AB008C9BCE /* SpoilerView */ = {
			isa = PBXGroup;
			children = (
				E651E3E82A7B6593008C9BCE /* SpoilerViewManager.swift */,
				E651E3EB2A7B6693008C9BCE /* SpoilerViewManager.m */,
			);
			path = SpoilerView;
			sourceTree = "<group>";
		};
		F725F67D0D4B970B9615D4F3 /* Pods */ = {
			isa = PBXGroup;
			children = (
				C6251834116392B3FC02BA37 /* Pods-ton_keeper.debug.xcconfig */,
				90508C4783A2D53FE0CB11CF /* Pods-ton_keeper.release.xcconfig */,
				66B33E2FC88F6DF6B498F962 /* Pods-ton_keeper-ton_keeperTests.debug.xcconfig */,
				13F2E6614DA413C5933FA7B3 /* Pods-ton_keeper-ton_keeperTests.release.xcconfig */,
			);
			path = Pods;
			sourceTree = "<group>";
		};
/* End PBXGroup section */

/* Begin PBXNativeTarget section */
		00E356ED1AD99517003FC87E /* ton_keeperTests */ = {
			isa = PBXNativeTarget;
			buildConfigurationList = 00E357021AD99517003FC87E /* Build configuration list for PBXNativeTarget "ton_keeperTests" */;
			buildPhases = (
				027EACABF3131444CA1290DC /* [CP] Check Pods Manifest.lock */,
				DD2E2577A653816C1086F2C6 /* [Expo] Configure project */,
				00E356EA1AD99517003FC87E /* Sources */,
				00E356EB1AD99517003FC87E /* Frameworks */,
				00E356EC1AD99517003FC87E /* Resources */,
				F95E499949E50FBC1ECC1307 /* [CP] Copy Pods Resources */,
				C3B0422F66548A61E07C3032 /* [CP] Embed Pods Frameworks */,
			);
			buildRules = (
			);
			dependencies = (
				00E356F51AD99517003FC87E /* PBXTargetDependency */,
			);
			name = ton_keeperTests;
			productName = ton_keeperTests;
			productReference = 00E356EE1AD99517003FC87E /* ton_keeperTests.xctest */;
			productType = "com.apple.product-type.bundle.unit-test";
		};
		13B07F861A680F5B00A75B9A /* ton_keeper */ = {
			isa = PBXNativeTarget;
			buildConfigurationList = 13B07F931A680F5B00A75B9A /* Build configuration list for PBXNativeTarget "ton_keeper" */;
			buildPhases = (
				8C4EC056529EFADE0053216C /* [CP] Check Pods Manifest.lock */,
				C4F5F2092927C96100D08D79 /* R.swift codegen */,
				FD10A7F022414F080027D42C /* Start Packager */,
				914665CBF9B9C82E180E82E9 /* [Expo] Configure project */,
				13B07F871A680F5B00A75B9A /* Sources */,
				13B07F8C1A680F5B00A75B9A /* Frameworks */,
				13B07F8E1A680F5B00A75B9A /* Resources */,
				00DD1BFF1BD5951E006B06BC /* Bundle React Native code and images */,
				B420B642277A60EBC44F3322 /* [CP] Copy Pods Resources */,
				6DB02C2677103C9DDFB7799F /* [CP-User] [RNFB] Core Configuration */,
				00569AE961EA489F7FF8096D /* [CP-User] [RNFB] Crashlytics Configuration */,
				AAADAFD88EE0FE222F244A1B /* [CP] Embed Pods Frameworks */,
			);
			buildRules = (
			);
			dependencies = (
			);
			name = ton_keeper;
			productName = ton_keeper;
			productReference = 13B07F961A680F5B00A75B9A /* ton_keeper.app */;
			productType = "com.apple.product-type.application";
		};
/* End PBXNativeTarget section */

/* Begin PBXProject section */
		83CBB9F71A601CBA00E9B192 /* Project object */ = {
			isa = PBXProject;
			attributes = {
				LastUpgradeCheck = 1210;
				TargetAttributes = {
					00E356ED1AD99517003FC87E = {
						CreatedOnToolsVersion = 6.2;
						TestTargetID = 13B07F861A680F5B00A75B9A;
					};
					13B07F861A680F5B00A75B9A = {
						LastSwiftMigration = 1310;
					};
				};
			};
			buildConfigurationList = 83CBB9FA1A601CBA00E9B192 /* Build configuration list for PBXProject "ton_keeper" */;
			compatibilityVersion = "Xcode 12.0";
			developmentRegion = en;
			hasScannedForEncodings = 0;
			knownRegions = (
				en,
				Base,
				ru,
				tr,
				"zh-Hans",
			);
			mainGroup = 83CBB9F61A601CBA00E9B192;
			productRefGroup = 83CBBA001A601CBA00E9B192 /* Products */;
			projectDirPath = "";
			projectRoot = "";
			targets = (
				13B07F861A680F5B00A75B9A /* ton_keeper */,
				00E356ED1AD99517003FC87E /* ton_keeperTests */,
			);
		};
/* End PBXProject section */

/* Begin PBXResourcesBuildPhase section */
		00E356EC1AD99517003FC87E /* Resources */ = {
			isa = PBXResourcesBuildPhase;
			buildActionMask = 2147483647;
			files = (
			);
			runOnlyForDeploymentPostprocessing = 0;
		};
		13B07F8E1A680F5B00A75B9A /* Resources */ = {
			isa = PBXResourcesBuildPhase;
			buildActionMask = 2147483647;
			files = (
				5008E612299F9D1400D4850B /* SFMono-Bold.otf in Resources */,
				203A6A1C2760BD6800817B71 /* Montserrat-BlackItalic.ttf in Resources */,
				203A6A142760BD6800817B71 /* Montserrat-SemiBoldItalic.ttf in Resources */,
				203A6A1D2760BD6800817B71 /* Montserrat-MediumItalic.ttf in Resources */,
				203A6A1E2760BD6800817B71 /* Montserrat-Light.ttf in Resources */,
				203A6A162760BD6800817B71 /* Montserrat-SemiBold.ttf in Resources */,
				C4B6F035291012DE0070E2BE /* Podfile.properties.json in Resources */,
				203A6A0E2760BD6800817B71 /* Montserrat-ExtraLightItalic.ttf in Resources */,
				203A6A112760BD6800817B71 /* Montserrat-Italic.ttf in Resources */,
				C4F5F2052927C85B00D08D79 /* PassCode.strings in Resources */,
				203A6A0F2760BD6800817B71 /* Montserrat-BoldItalic.ttf in Resources */,
				203A6A182760BD6800817B71 /* Montserrat-ExtraBold.ttf in Resources */,
				5008E614299F9D1400D4850B /* SFMono-Medium.otf in Resources */,
				203A6A1B2760BD6800817B71 /* Montserrat-Thin.ttf in Resources */,
				203A6A1F2760BD6800817B71 /* Montserrat-Regular.ttf in Resources */,
				203A6A152760BD6800817B71 /* Montserrat-ThinItalic.ttf in Resources */,
				C4B6F03B291012DE0070E2BE /* SplashScreen.storyboard in Resources */,
				203A6A192760BD6800817B71 /* Montserrat-Black.ttf in Resources */,
				C4B6F03F291012DE0070E2BE /* Images.xcassets in Resources */,
				203A6A122760BD6800817B71 /* Montserrat-LightItalic.ttf in Resources */,
				C4380877292BD26A00FF5669 /* PassCode.stringsdict in Resources */,
				203A6A1A2760BD6800817B71 /* Montserrat-ExtraLight.ttf in Resources */,
				203A6A102760BD6800817B71 /* Montserrat-ExtraBoldItalic.ttf in Resources */,
				C4B6F03A291012DE0070E2BE /* GoogleService-Info.plist in Resources */,
				203A6A132760BD6800817B71 /* Montserrat-Medium.ttf in Resources */,
				203A6A172760BD6800817B71 /* Montserrat-Bold.ttf in Resources */,
			);
			runOnlyForDeploymentPostprocessing = 0;
		};
/* End PBXResourcesBuildPhase section */

/* Begin PBXShellScriptBuildPhase section */
		00569AE961EA489F7FF8096D /* [CP-User] [RNFB] Crashlytics Configuration */ = {
			isa = PBXShellScriptBuildPhase;
			buildActionMask = 2147483647;
			files = (
			);
			inputPaths = (
				"${DWARF_DSYM_FOLDER_PATH}/${DWARF_DSYM_FILE_NAME}/Contents/Resources/DWARF/${TARGET_NAME}",
				"$(BUILT_PRODUCTS_DIR)/$(INFOPLIST_PATH)",
			);
			name = "[CP-User] [RNFB] Crashlytics Configuration";
			runOnlyForDeploymentPostprocessing = 0;
			shellPath = /bin/sh;
			shellScript = "#!/usr/bin/env bash\n#\n# Copyright (c) 2016-present Invertase Limited & Contributors\n#\n# Licensed under the Apache License, Version 2.0 (the \"License\");\n# you may not use this library except in compliance with the License.\n# You may obtain a copy of the License at\n#\n#   http://www.apache.org/licenses/LICENSE-2.0\n#\n# Unless required by applicable law or agreed to in writing, software\n# distributed under the License is distributed on an \"AS IS\" BASIS,\n# WITHOUT WARRANTIES OR CONDITIONS OF ANY KIND, either express or implied.\n# See the License for the specific language governing permissions and\n# limitations under the License.\n#\nset -e\n\nif [[ ${PODS_ROOT} ]]; then\n  echo \"info: Exec FirebaseCrashlytics Run from Pods\"\n  \"${PODS_ROOT}/FirebaseCrashlytics/run\"\nelse\n  echo \"info: Exec FirebaseCrashlytics Run from framework\"\n  \"${PROJECT_DIR}/FirebaseCrashlytics.framework/run\"\nfi\n";
		};
		00DD1BFF1BD5951E006B06BC /* Bundle React Native code and images */ = {
			isa = PBXShellScriptBuildPhase;
			alwaysOutOfDate = 1;
			buildActionMask = 12;
			files = (
			);
			inputPaths = (
			);
			name = "Bundle React Native code and images";
			outputPaths = (
			);
			runOnlyForDeploymentPostprocessing = 0;
			shellPath = /bin/sh;
			shellScript = "set -e\n\nexport NODE_BINARY=node\n../node_modules/react-native/scripts/react-native-xcode.sh\n";
		};
		027EACABF3131444CA1290DC /* [CP] Check Pods Manifest.lock */ = {
			isa = PBXShellScriptBuildPhase;
			buildActionMask = 2147483647;
			files = (
			);
			inputFileListPaths = (
			);
			inputPaths = (
				"${PODS_PODFILE_DIR_PATH}/Podfile.lock",
				"${PODS_ROOT}/Manifest.lock",
			);
			name = "[CP] Check Pods Manifest.lock";
			outputFileListPaths = (
			);
			outputPaths = (
				"$(DERIVED_FILE_DIR)/Pods-ton_keeper-ton_keeperTests-checkManifestLockResult.txt",
			);
			runOnlyForDeploymentPostprocessing = 0;
			shellPath = /bin/sh;
			shellScript = "diff \"${PODS_PODFILE_DIR_PATH}/Podfile.lock\" \"${PODS_ROOT}/Manifest.lock\" > /dev/null\nif [ $? != 0 ] ; then\n    # print error to STDERR\n    echo \"error: The sandbox is not in sync with the Podfile.lock. Run 'pod install' or update your CocoaPods installation.\" >&2\n    exit 1\nfi\n# This output is used by Xcode 'outputs' to avoid re-running this script phase.\necho \"SUCCESS\" > \"${SCRIPT_OUTPUT_FILE_0}\"\n";
			showEnvVarsInLog = 0;
		};
		6DB02C2677103C9DDFB7799F /* [CP-User] [RNFB] Core Configuration */ = {
			isa = PBXShellScriptBuildPhase;
			buildActionMask = 2147483647;
			files = (
			);
			inputPaths = (
				"$(BUILT_PRODUCTS_DIR)/$(INFOPLIST_PATH)",
			);
			name = "[CP-User] [RNFB] Core Configuration";
			runOnlyForDeploymentPostprocessing = 0;
			shellPath = /bin/sh;
			shellScript = "#!/usr/bin/env bash\n#\n# Copyright (c) 2016-present Invertase Limited & Contributors\n#\n# Licensed under the Apache License, Version 2.0 (the \"License\");\n# you may not use this library except in compliance with the License.\n# You may obtain a copy of the License at\n#\n#   http://www.apache.org/licenses/LICENSE-2.0\n#\n# Unless required by applicable law or agreed to in writing, software\n# distributed under the License is distributed on an \"AS IS\" BASIS,\n# WITHOUT WARRANTIES OR CONDITIONS OF ANY KIND, either express or implied.\n# See the License for the specific language governing permissions and\n# limitations under the License.\n#\n\n##########################################################################\n##########################################################################\n#\n#  NOTE THAT IF YOU CHANGE THIS FILE YOU MUST RUN pod install AFTERWARDS\n#\n#  This file is installed as an Xcode build script in the project file\n#  by cocoapods, and you will not see your changes until you pod install\n#\n##########################################################################\n##########################################################################\n\nset -e\n\n_MAX_LOOKUPS=2;\n_SEARCH_RESULT=''\n_RN_ROOT_EXISTS=''\n_CURRENT_LOOKUPS=1\n_JSON_ROOT=\"'react-native'\"\n_JSON_FILE_NAME='firebase.json'\n_JSON_OUTPUT_BASE64='e30=' # { }\n_CURRENT_SEARCH_DIR=${PROJECT_DIR}\n_PLIST_BUDDY=/usr/libexec/PlistBuddy\n_TARGET_PLIST=\"${BUILT_PRODUCTS_DIR}/${INFOPLIST_PATH}\"\n_DSYM_PLIST=\"${DWARF_DSYM_FOLDER_PATH}/${DWARF_DSYM_FILE_NAME}/Contents/Info.plist\"\n\n# plist arrays\n_PLIST_ENTRY_KEYS=()\n_PLIST_ENTRY_TYPES=()\n_PLIST_ENTRY_VALUES=()\n\nfunction setPlistValue {\n  echo \"info:      setting plist entry '$1' of type '$2' in file '$4'\"\n  ${_PLIST_BUDDY} -c \"Add :$1 $2 '$3'\" $4 || echo \"info:      '$1' already exists\"\n}\n\nfunction getFirebaseJsonKeyValue () {\n  if [[ ${_RN_ROOT_EXISTS} ]]; then\n    ruby -Ku -e \"require 'rubygems';require 'json'; output=JSON.parse('$1'); puts output[$_JSON_ROOT]['$2']\"\n  else\n    echo \"\"\n  fi;\n}\n\nfunction jsonBoolToYesNo () {\n  if [[ $1 == \"false\" ]]; then\n    echo \"NO\"\n  elif [[ $1 == \"true\" ]]; then\n    echo \"YES\"\n  else echo \"NO\"\n  fi\n}\n\necho \"info: -> RNFB build script started\"\necho \"info: 1) Locating ${_JSON_FILE_NAME} file:\"\n\nif [[ -z ${_CURRENT_SEARCH_DIR} ]]; then\n  _CURRENT_SEARCH_DIR=$(pwd)\nfi;\n\nwhile true; do\n  _CURRENT_SEARCH_DIR=$(dirname \"$_CURRENT_SEARCH_DIR\")\n  if [[ \"$_CURRENT_SEARCH_DIR\" == \"/\" ]] || [[ ${_CURRENT_LOOKUPS} -gt ${_MAX_LOOKUPS} ]]; then break; fi;\n  echo \"info:      ($_CURRENT_LOOKUPS of $_MAX_LOOKUPS) Searching in '$_CURRENT_SEARCH_DIR' for a ${_JSON_FILE_NAME} file.\"\n  _SEARCH_RESULT=$(find \"$_CURRENT_SEARCH_DIR\" -maxdepth 2 -name ${_JSON_FILE_NAME} -print | /usr/bin/head -n 1)\n  if [[ ${_SEARCH_RESULT} ]]; then\n    echo \"info:      ${_JSON_FILE_NAME} found at $_SEARCH_RESULT\"\n    break;\n  fi;\n  _CURRENT_LOOKUPS=$((_CURRENT_LOOKUPS+1))\ndone\n\nif [[ ${_SEARCH_RESULT} ]]; then\n  _JSON_OUTPUT_RAW=$(cat \"${_SEARCH_RESULT}\")\n  _RN_ROOT_EXISTS=$(ruby -Ku -e \"require 'rubygems';require 'json'; output=JSON.parse('$_JSON_OUTPUT_RAW'); puts output[$_JSON_ROOT]\" || echo '')\n\n  if [[ ${_RN_ROOT_EXISTS} ]]; then\n    if ! python3 --version >/dev/null 2>&1; then echo \"python3 not found, firebase.json file processing error.\" && exit 1; fi\n    _JSON_OUTPUT_BASE64=$(python3 -c 'import json,sys,base64;print(base64.b64encode(bytes(json.dumps(json.loads(open('\"'${_SEARCH_RESULT}'\"', '\"'rb'\"').read())['${_JSON_ROOT}']), '\"'utf-8'\"')).decode())' || echo \"e30=\")\n  fi\n\n  _PLIST_ENTRY_KEYS+=(\"firebase_json_raw\")\n  _PLIST_ENTRY_TYPES+=(\"string\")\n  _PLIST_ENTRY_VALUES+=(\"$_JSON_OUTPUT_BASE64\")\n\n  # config.app_data_collection_default_enabled\n  _APP_DATA_COLLECTION_ENABLED=$(getFirebaseJsonKeyValue \"$_JSON_OUTPUT_RAW\" \"app_data_collection_default_enabled\")\n  if [[ $_APP_DATA_COLLECTION_ENABLED ]]; then\n    _PLIST_ENTRY_KEYS+=(\"FirebaseDataCollectionDefaultEnabled\")\n    _PLIST_ENTRY_TYPES+=(\"bool\")\n    _PLIST_ENTRY_VALUES+=(\"$(jsonBoolToYesNo \"$_APP_DATA_COLLECTION_ENABLED\")\")\n  fi\n\n  # config.analytics_auto_collection_enabled\n  _ANALYTICS_AUTO_COLLECTION=$(getFirebaseJsonKeyValue \"$_JSON_OUTPUT_RAW\" \"analytics_auto_collection_enabled\")\n  if [[ $_ANALYTICS_AUTO_COLLECTION ]]; then\n    _PLIST_ENTRY_KEYS+=(\"FIREBASE_ANALYTICS_COLLECTION_ENABLED\")\n    _PLIST_ENTRY_TYPES+=(\"bool\")\n    _PLIST_ENTRY_VALUES+=(\"$(jsonBoolToYesNo \"$_ANALYTICS_AUTO_COLLECTION\")\")\n  fi\n\n  # config.analytics_collection_deactivated\n  _ANALYTICS_DEACTIVATED=$(getFirebaseJsonKeyValue \"$_JSON_OUTPUT_RAW\" \"analytics_collection_deactivated\")\n  if [[ $_ANALYTICS_DEACTIVATED ]]; then\n    _PLIST_ENTRY_KEYS+=(\"FIREBASE_ANALYTICS_COLLECTION_DEACTIVATED\")\n    _PLIST_ENTRY_TYPES+=(\"bool\")\n    _PLIST_ENTRY_VALUES+=(\"$(jsonBoolToYesNo \"$_ANALYTICS_DEACTIVATED\")\")\n  fi\n\n  # config.analytics_idfv_collection_enabled\n  _ANALYTICS_IDFV_COLLECTION=$(getFirebaseJsonKeyValue \"$_JSON_OUTPUT_RAW\" \"analytics_idfv_collection_enabled\")\n  if [[ $_ANALYTICS_IDFV_COLLECTION ]]; then\n    _PLIST_ENTRY_KEYS+=(\"GOOGLE_ANALYTICS_IDFV_COLLECTION_ENABLED\")\n    _PLIST_ENTRY_TYPES+=(\"bool\")\n    _PLIST_ENTRY_VALUES+=(\"$(jsonBoolToYesNo \"$_ANALYTICS_IDFV_COLLECTION\")\")\n  fi\n\n  # config.analytics_default_allow_analytics_storage\n  _ANALYTICS_STORAGE=$(getFirebaseJsonKeyValue \"$_JSON_OUTPUT_RAW\" \"analytics_default_allow_analytics_storage\")\n  if [[ $_ANALYTICS_STORAGE ]]; then\n    _PLIST_ENTRY_KEYS+=(\"GOOGLE_ANALYTICS_DEFAULT_ALLOW_ANALYTICS_STORAGE\")\n    _PLIST_ENTRY_TYPES+=(\"bool\")\n    _PLIST_ENTRY_VALUES+=(\"$(jsonBoolToYesNo \"$_ANALYTICS_STORAGE\")\")\n  fi\n\n  # config.analytics_default_allow_ad_storage\n  _ANALYTICS_AD_STORAGE=$(getFirebaseJsonKeyValue \"$_JSON_OUTPUT_RAW\" \"analytics_default_allow_ad_storage\")\n  if [[ $_ANALYTICS_AD_STORAGE ]]; then\n    _PLIST_ENTRY_KEYS+=(\"GOOGLE_ANALYTICS_DEFAULT_ALLOW_AD_STORAGE\")\n    _PLIST_ENTRY_TYPES+=(\"bool\")\n    _PLIST_ENTRY_VALUES+=(\"$(jsonBoolToYesNo \"$_ANALYTICS_AD_STORAGE\")\")\n  fi\n\n  # config.analytics_default_allow_ad_user_data\n  _ANALYTICS_AD_USER_DATA=$(getFirebaseJsonKeyValue \"$_JSON_OUTPUT_RAW\" \"analytics_default_allow_ad_user_data\")\n  if [[ $_ANALYTICS_AD_USER_DATA ]]; then\n    _PLIST_ENTRY_KEYS+=(\"GOOGLE_ANALYTICS_DEFAULT_ALLOW_AD_USER_DATA\")\n    _PLIST_ENTRY_TYPES+=(\"bool\")\n    _PLIST_ENTRY_VALUES+=(\"$(jsonBoolToYesNo \"$_ANALYTICS_AD_USER_DATA\")\")\n  fi\n\n  # config.analytics_default_allow_ad_personalization_signals\n  _ANALYTICS_PERSONALIZATION=$(getFirebaseJsonKeyValue \"$_JSON_OUTPUT_RAW\" \"analytics_default_allow_ad_personalization_signals\")\n  if [[ $_ANALYTICS_PERSONALIZATION ]]; then\n    _PLIST_ENTRY_KEYS+=(\"GOOGLE_ANALYTICS_DEFAULT_ALLOW_AD_PERSONALIZATION_SIGNALS\")\n    _PLIST_ENTRY_TYPES+=(\"bool\")\n    _PLIST_ENTRY_VALUES+=(\"$(jsonBoolToYesNo \"$_ANALYTICS_PERSONALIZATION\")\")\n  fi\n\n  # config.analytics_registration_with_ad_network_enabled\n  _ANALYTICS_REGISTRATION_WITH_AD_NETWORK=$(getFirebaseJsonKeyValue \"$_JSON_OUTPUT_RAW\" \"google_analytics_registration_with_ad_network_enabled\")\n  if [[ $_ANALYTICS_REGISTRATION_WITH_AD_NETWORK ]]; then\n    _PLIST_ENTRY_KEYS+=(\"GOOGLE_ANALYTICS_REGISTRATION_WITH_AD_NETWORK_ENABLED\")\n    _PLIST_ENTRY_TYPES+=(\"bool\")\n    _PLIST_ENTRY_VALUES+=(\"$(jsonBoolToYesNo \"$_ANALYTICS_REGISTRATION_WITH_AD_NETWORK\")\")\n  fi\n\n  # config.google_analytics_automatic_screen_reporting_enabled\n  _ANALYTICS_AUTO_SCREEN_REPORTING=$(getFirebaseJsonKeyValue \"$_JSON_OUTPUT_RAW\" \"google_analytics_automatic_screen_reporting_enabled\")\n  if [[ $_ANALYTICS_AUTO_SCREEN_REPORTING ]]; then\n    _PLIST_ENTRY_KEYS+=(\"FirebaseAutomaticScreenReportingEnabled\")\n    _PLIST_ENTRY_TYPES+=(\"bool\")\n    _PLIST_ENTRY_VALUES+=(\"$(jsonBoolToYesNo \"$_ANALYTICS_AUTO_SCREEN_REPORTING\")\")\n  fi\n\n  # config.perf_auto_collection_enabled\n  _PERF_AUTO_COLLECTION=$(getFirebaseJsonKeyValue \"$_JSON_OUTPUT_RAW\" \"perf_auto_collection_enabled\")\n  if [[ $_PERF_AUTO_COLLECTION ]]; then\n    _PLIST_ENTRY_KEYS+=(\"firebase_performance_collection_enabled\")\n    _PLIST_ENTRY_TYPES+=(\"bool\")\n    _PLIST_ENTRY_VALUES+=(\"$(jsonBoolToYesNo \"$_PERF_AUTO_COLLECTION\")\")\n  fi\n\n  # config.perf_collection_deactivated\n  _PERF_DEACTIVATED=$(getFirebaseJsonKeyValue \"$_JSON_OUTPUT_RAW\" \"perf_collection_deactivated\")\n  if [[ $_PERF_DEACTIVATED ]]; then\n    _PLIST_ENTRY_KEYS+=(\"firebase_performance_collection_deactivated\")\n    _PLIST_ENTRY_TYPES+=(\"bool\")\n    _PLIST_ENTRY_VALUES+=(\"$(jsonBoolToYesNo \"$_PERF_DEACTIVATED\")\")\n  fi\n\n  # config.messaging_auto_init_enabled\n  _MESSAGING_AUTO_INIT=$(getFirebaseJsonKeyValue \"$_JSON_OUTPUT_RAW\" \"messaging_auto_init_enabled\")\n  if [[ $_MESSAGING_AUTO_INIT ]]; then\n    _PLIST_ENTRY_KEYS+=(\"FirebaseMessagingAutoInitEnabled\")\n    _PLIST_ENTRY_TYPES+=(\"bool\")\n    _PLIST_ENTRY_VALUES+=(\"$(jsonBoolToYesNo \"$_MESSAGING_AUTO_INIT\")\")\n  fi\n\n  # config.in_app_messaging_auto_colllection_enabled\n  _FIAM_AUTO_INIT=$(getFirebaseJsonKeyValue \"$_JSON_OUTPUT_RAW\" \"in_app_messaging_auto_collection_enabled\")\n  if [[ $_FIAM_AUTO_INIT ]]; then\n    _PLIST_ENTRY_KEYS+=(\"FirebaseInAppMessagingAutomaticDataCollectionEnabled\")\n    _PLIST_ENTRY_TYPES+=(\"bool\")\n    _PLIST_ENTRY_VALUES+=(\"$(jsonBoolToYesNo \"$_FIAM_AUTO_INIT\")\")\n  fi\n\n  # config.app_check_token_auto_refresh\n  _APP_CHECK_TOKEN_AUTO_REFRESH=$(getFirebaseJsonKeyValue \"$_JSON_OUTPUT_RAW\" \"app_check_token_auto_refresh\")\n  if [[ $_APP_CHECK_TOKEN_AUTO_REFRESH ]]; then\n    _PLIST_ENTRY_KEYS+=(\"FirebaseAppCheckTokenAutoRefreshEnabled\")\n    _PLIST_ENTRY_TYPES+=(\"bool\")\n    _PLIST_ENTRY_VALUES+=(\"$(jsonBoolToYesNo \"$_APP_CHECK_TOKEN_AUTO_REFRESH\")\")\n  fi\n\n  # config.crashlytics_disable_auto_disabler - undocumented for now - mainly for debugging, document if becomes useful\n  _CRASHLYTICS_AUTO_DISABLE_ENABLED=$(getFirebaseJsonKeyValue \"$_JSON_OUTPUT_RAW\" \"crashlytics_disable_auto_disabler\")\n  if [[ $_CRASHLYTICS_AUTO_DISABLE_ENABLED == \"true\" ]]; then\n    echo \"Disabled Crashlytics auto disabler.\" # do nothing\n  else\n    _PLIST_ENTRY_KEYS+=(\"FirebaseCrashlyticsCollectionEnabled\")\n    _PLIST_ENTRY_TYPES+=(\"bool\")\n    _PLIST_ENTRY_VALUES+=(\"NO\")\n  fi\nelse\n  _PLIST_ENTRY_KEYS+=(\"firebase_json_raw\")\n  _PLIST_ENTRY_TYPES+=(\"string\")\n  _PLIST_ENTRY_VALUES+=(\"$_JSON_OUTPUT_BASE64\")\n  echo \"warning:   A firebase.json file was not found, whilst this file is optional it is recommended to include it to configure firebase services in React Native Firebase.\"\nfi;\n\necho \"info: 2) Injecting Info.plist entries: \"\n\n# Log out the keys we're adding\nfor i in \"${!_PLIST_ENTRY_KEYS[@]}\"; do\n  echo \"    ->  $i) ${_PLIST_ENTRY_KEYS[$i]}\" \"${_PLIST_ENTRY_TYPES[$i]}\" \"${_PLIST_ENTRY_VALUES[$i]}\"\ndone\n\nfor plist in \"${_TARGET_PLIST}\" \"${_DSYM_PLIST}\" ; do\n  if [[ -f \"${plist}\" ]]; then\n\n    # paths with spaces break the call to setPlistValue. temporarily modify\n    # the shell internal field separator variable (IFS), which normally\n    # includes spaces, to consist only of line breaks\n    oldifs=$IFS\n    IFS=\"\n\"\n\n    for i in \"${!_PLIST_ENTRY_KEYS[@]}\"; do\n      setPlistValue \"${_PLIST_ENTRY_KEYS[$i]}\" \"${_PLIST_ENTRY_TYPES[$i]}\" \"${_PLIST_ENTRY_VALUES[$i]}\" \"${plist}\"\n    done\n\n    # restore the original internal field separator value\n    IFS=$oldifs\n  else\n    echo \"warning:   A Info.plist build output file was not found (${plist})\"\n  fi\ndone\n\necho \"info: <- RNFB build script finished\"\n";
		};
		8C4EC056529EFADE0053216C /* [CP] Check Pods Manifest.lock */ = {
			isa = PBXShellScriptBuildPhase;
			buildActionMask = 2147483647;
			files = (
			);
			inputFileListPaths = (
			);
			inputPaths = (
				"${PODS_PODFILE_DIR_PATH}/Podfile.lock",
				"${PODS_ROOT}/Manifest.lock",
			);
			name = "[CP] Check Pods Manifest.lock";
			outputFileListPaths = (
			);
			outputPaths = (
				"$(DERIVED_FILE_DIR)/Pods-ton_keeper-checkManifestLockResult.txt",
			);
			runOnlyForDeploymentPostprocessing = 0;
			shellPath = /bin/sh;
			shellScript = "diff \"${PODS_PODFILE_DIR_PATH}/Podfile.lock\" \"${PODS_ROOT}/Manifest.lock\" > /dev/null\nif [ $? != 0 ] ; then\n    # print error to STDERR\n    echo \"error: The sandbox is not in sync with the Podfile.lock. Run 'pod install' or update your CocoaPods installation.\" >&2\n    exit 1\nfi\n# This output is used by Xcode 'outputs' to avoid re-running this script phase.\necho \"SUCCESS\" > \"${SCRIPT_OUTPUT_FILE_0}\"\n";
			showEnvVarsInLog = 0;
		};
		914665CBF9B9C82E180E82E9 /* [Expo] Configure project */ = {
			isa = PBXShellScriptBuildPhase;
			alwaysOutOfDate = 1;
			buildActionMask = 2147483647;
			files = (
			);
			inputFileListPaths = (
			);
			inputPaths = (
			);
			name = "[Expo] Configure project";
			outputFileListPaths = (
			);
			outputPaths = (
			);
			runOnlyForDeploymentPostprocessing = 0;
			shellPath = /bin/sh;
			shellScript = "# This script configures Expo modules and generates the modules provider file.\nbash -l -c \"./Pods/Target\\ Support\\ Files/Pods-ton_keeper/expo-configure-project.sh\"\n";
		};
		AAADAFD88EE0FE222F244A1B /* [CP] Embed Pods Frameworks */ = {
			isa = PBXShellScriptBuildPhase;
			buildActionMask = 2147483647;
			files = (
			);
			inputFileListPaths = (
				"${PODS_ROOT}/Target Support Files/Pods-ton_keeper/Pods-ton_keeper-frameworks-${CONFIGURATION}-input-files.xcfilelist",
			);
			name = "[CP] Embed Pods Frameworks";
			outputFileListPaths = (
				"${PODS_ROOT}/Target Support Files/Pods-ton_keeper/Pods-ton_keeper-frameworks-${CONFIGURATION}-output-files.xcfilelist",
			);
			runOnlyForDeploymentPostprocessing = 0;
			shellPath = /bin/sh;
			shellScript = "\"${PODS_ROOT}/Target Support Files/Pods-ton_keeper/Pods-ton_keeper-frameworks.sh\"\n";
			showEnvVarsInLog = 0;
		};
		B420B642277A60EBC44F3322 /* [CP] Copy Pods Resources */ = {
			isa = PBXShellScriptBuildPhase;
			buildActionMask = 2147483647;
			files = (
			);
			inputFileListPaths = (
				"${PODS_ROOT}/Target Support Files/Pods-ton_keeper/Pods-ton_keeper-resources-${CONFIGURATION}-input-files.xcfilelist",
			);
			name = "[CP] Copy Pods Resources";
			outputFileListPaths = (
				"${PODS_ROOT}/Target Support Files/Pods-ton_keeper/Pods-ton_keeper-resources-${CONFIGURATION}-output-files.xcfilelist",
			);
			runOnlyForDeploymentPostprocessing = 0;
			shellPath = /bin/sh;
			shellScript = "\"${PODS_ROOT}/Target Support Files/Pods-ton_keeper/Pods-ton_keeper-resources.sh\"\n";
			showEnvVarsInLog = 0;
		};
		C3B0422F66548A61E07C3032 /* [CP] Embed Pods Frameworks */ = {
			isa = PBXShellScriptBuildPhase;
			buildActionMask = 2147483647;
			files = (
			);
			inputFileListPaths = (
				"${PODS_ROOT}/Target Support Files/Pods-ton_keeper-ton_keeperTests/Pods-ton_keeper-ton_keeperTests-frameworks-${CONFIGURATION}-input-files.xcfilelist",
			);
			name = "[CP] Embed Pods Frameworks";
			outputFileListPaths = (
				"${PODS_ROOT}/Target Support Files/Pods-ton_keeper-ton_keeperTests/Pods-ton_keeper-ton_keeperTests-frameworks-${CONFIGURATION}-output-files.xcfilelist",
			);
			runOnlyForDeploymentPostprocessing = 0;
			shellPath = /bin/sh;
			shellScript = "\"${PODS_ROOT}/Target Support Files/Pods-ton_keeper-ton_keeperTests/Pods-ton_keeper-ton_keeperTests-frameworks.sh\"\n";
			showEnvVarsInLog = 0;
		};
		C4F5F2092927C96100D08D79 /* R.swift codegen */ = {
			isa = PBXShellScriptBuildPhase;
			alwaysOutOfDate = 1;
			buildActionMask = 2147483647;
			files = (
			);
			inputFileListPaths = (
			);
			inputPaths = (
				"$TEMP_DIR/rswift-lastrun",
			);
			name = "R.swift codegen";
			outputFileListPaths = (
			);
			outputPaths = (
				"$SRCROOT/$PROJECT_NAME/Resources/Generated/R.generated.swift",
			);
			runOnlyForDeploymentPostprocessing = 0;
			shellPath = /bin/sh;
			shellScript = "\"$PODS_ROOT/R.swift/rswift\" generate \"$SRCROOT/$PROJECT_NAME/Resources/Generated/R.generated.swift\"\n";
		};
		DD2E2577A653816C1086F2C6 /* [Expo] Configure project */ = {
			isa = PBXShellScriptBuildPhase;
			alwaysOutOfDate = 1;
			buildActionMask = 2147483647;
			files = (
			);
			inputFileListPaths = (
			);
			inputPaths = (
			);
			name = "[Expo] Configure project";
			outputFileListPaths = (
			);
			outputPaths = (
			);
			runOnlyForDeploymentPostprocessing = 0;
			shellPath = /bin/sh;
			shellScript = "# This script configures Expo modules and generates the modules provider file.\nbash -l -c \"./Pods/Target\\ Support\\ Files/Pods-ton_keeper-ton_keeperTests/expo-configure-project.sh\"\n";
		};
		F95E499949E50FBC1ECC1307 /* [CP] Copy Pods Resources */ = {
			isa = PBXShellScriptBuildPhase;
			buildActionMask = 2147483647;
			files = (
			);
			inputFileListPaths = (
				"${PODS_ROOT}/Target Support Files/Pods-ton_keeper-ton_keeperTests/Pods-ton_keeper-ton_keeperTests-resources-${CONFIGURATION}-input-files.xcfilelist",
			);
			name = "[CP] Copy Pods Resources";
			outputFileListPaths = (
				"${PODS_ROOT}/Target Support Files/Pods-ton_keeper-ton_keeperTests/Pods-ton_keeper-ton_keeperTests-resources-${CONFIGURATION}-output-files.xcfilelist",
			);
			runOnlyForDeploymentPostprocessing = 0;
			shellPath = /bin/sh;
			shellScript = "\"${PODS_ROOT}/Target Support Files/Pods-ton_keeper-ton_keeperTests/Pods-ton_keeper-ton_keeperTests-resources.sh\"\n";
			showEnvVarsInLog = 0;
		};
		FD10A7F022414F080027D42C /* Start Packager */ = {
			isa = PBXShellScriptBuildPhase;
			buildActionMask = 12;
			files = (
			);
			inputFileListPaths = (
			);
			inputPaths = (
			);
			name = "Start Packager";
			outputFileListPaths = (
			);
			outputPaths = (
			);
			runOnlyForDeploymentPostprocessing = 0;
			shellPath = /bin/sh;
			shellScript = "export RCT_METRO_PORT=\"${RCT_METRO_PORT:=8081}\"\necho \"export RCT_METRO_PORT=${RCT_METRO_PORT}\" > \"${SRCROOT}/../node_modules/react-native/scripts/.packager.env\"\nif [ -z \"${RCT_NO_LAUNCH_PACKAGER+xxx}\" ] ; then\n  if nc -w 5 -z localhost ${RCT_METRO_PORT} ; then\n    if ! curl -s \"http://localhost:${RCT_METRO_PORT}/status\" | grep -q \"packager-status:running\" ; then\n      echo \"Port ${RCT_METRO_PORT} already in use, packager is either not running or not running correctly\"\n      exit 2\n    fi\n  else\n    open \"$SRCROOT/../node_modules/react-native/scripts/launchPackager.command\" || echo \"Can't start packager automatically\"\n  fi\nfi\n";
			showEnvVarsInLog = 0;
		};
/* End PBXShellScriptBuildPhase section */

/* Begin PBXSourcesBuildPhase section */
		00E356EA1AD99517003FC87E /* Sources */ = {
			isa = PBXSourcesBuildPhase;
			buildActionMask = 2147483647;
			files = (
				00E356F31AD99517003FC87E /* ton_keeperTests.m in Sources */,
				78B9AC5F426C0F28766DEC94 /* ExpoModulesProvider.swift in Sources */,
			);
			runOnlyForDeploymentPostprocessing = 0;
		};
		13B07F871A680F5B00A75B9A /* Sources */ = {
			isa = PBXSourcesBuildPhase;
			buildActionMask = 2147483647;
			files = (
				C4A5635D2918CFDB001DDA44 /* UIColor+Hex.swift in Sources */,
				C44A3F98291D3C2700C1D830 /* UIWindow+Transition.swift in Sources */,
				C4380874292BCFE600FF5669 /* R.generated.swift in Sources */,
				E651E3E92A7B6593008C9BCE /* SpoilerViewManager.swift in Sources */,
				C4B6F030291012DE0070E2BE /* KeychainServiceError.swift in Sources */,
				C4A563BE2919522D001DDA44 /* PassCodeCircleView.swift in Sources */,
				1C610F328FB84275E2FB6D32 /* ExpoModulesProvider.swift in Sources */,
				C4A563B02918D60E001DDA44 /* UIButton+BackgroundColorForState.swift in Sources */,
				C44A3F93291D182F00C1D830 /* BiometryService.swift in Sources */,
				C4A563C3291A916E001DDA44 /* Utils.swift in Sources */,
				C4A563C5291A9290001DDA44 /* Animations.swift in Sources */,
				C438087C292BD3E200FF5669 /* CaseIterable+Next.swift in Sources */,
				C4A563AB2918D531001DDA44 /* BaseView.swift in Sources */,
				C4B6F036291012DE0070E2BE /* WalletStore.m in Sources */,
				C4A563B329191E14001DDA44 /* ServiceLocator.swift in Sources */,
				C4A563AE2918D546001DDA44 /* BaseViewController.swift in Sources */,
				C4A5635B2918CFC8001DDA44 /* UIStackView+Init.swift in Sources */,
				C44A3F96291D1DCE00C1D830 /* UIService.swift in Sources */,
				C4B6F033291012DE0070E2BE /* AccessControl.swift in Sources */,
				C4B6F032291012DE0070E2BE /* Accessibility.swift in Sources */,
				C4A563A22918D49C001DDA44 /* Theme+current.swift in Sources */,
				C4D3ADBE292E6980001723FC /* AppError.swift in Sources */,
				C4B6F043291012DE0070E2BE /* JSONAble.swift in Sources */,
				C4A563A42918D49C001DDA44 /* ThemeStyled.swift in Sources */,
				C4A563B529191E22001DDA44 /* Autowired.swift in Sources */,
				C4D3ADBC292E66D5001723FC /* ActionButton.swift in Sources */,
				C4B6F041291012DE0070E2BE /* Constants.swift in Sources */,
				C4B6F034291012DE0070E2BE /* TonPbkdf2.m in Sources */,
				C47CF0E229309117004AB5EE /* PassCodeModule.swift in Sources */,
				C4A563662918D11C001DDA44 /* PassCodeViewController.swift in Sources */,
				C4A563602918CFF9001DDA44 /* CGSize+Init.swift in Sources */,
				C4A563992918D30B001DDA44 /* PassCodeButton.swift in Sources */,
				C4B6F040291012DE0070E2BE /* AppDelegate.mm in Sources */,
				C42DA694291E696C000D9601 /* AuthService.swift in Sources */,
				C4A563A82918D4CC001DDA44 /* BaseButton.swift in Sources */,
				C4B6F03E291012DE0070E2BE /* noop-file.swift in Sources */,
				C4B6F039291012DE0070E2BE /* WalletStore.swift in Sources */,
				C4B6F031291012DE0070E2BE /* KeychainService.swift in Sources */,
				C4B6F044291012DE0070E2BE /* UserDefaultWrapper.swift in Sources */,
				C438087F292CDBA200FF5669 /* PassCodeBlockTime.swift in Sources */,
				C4A563672918D11C001DDA44 /* PassCodeView.swift in Sources */,
				C4A563A32918D49C001DDA44 /* ColorTheme.swift in Sources */,
				C47CF0DF293087F5004AB5EE /* PassCodePresenter.swift in Sources */,
				C4B6F038291012DE0070E2BE /* WalletInfo.swift in Sources */,
				C4B6F03C291012DE0070E2BE /* File.swift in Sources */,
				C4A563A52918D49C001DDA44 /* Theme.swift in Sources */,
				C4B6F03D291012DE0070E2BE /* main.m in Sources */,
				E651E3EC2A7B6693008C9BCE /* SpoilerViewManager.m in Sources */,
				C4D3ADC1292E6B6D001723FC /* RoutingErrorCode.swift in Sources */,
				C4B6F045291012DE0070E2BE /* UserDefaultsService.swift in Sources */,
				C4B6F042291012DE0070E2BE /* UserDefaults+SaveStruct.swift in Sources */,
				C4B6F037291012DE0070E2BE /* WalletError.swift in Sources */,
				C4A563BC291951FA001DDA44 /* SpacerView.swift in Sources */,
				C4A5639B2918D372001DDA44 /* Palette.swift in Sources */,
			);
			runOnlyForDeploymentPostprocessing = 0;
		};
/* End PBXSourcesBuildPhase section */

/* Begin PBXTargetDependency section */
		00E356F51AD99517003FC87E /* PBXTargetDependency */ = {
			isa = PBXTargetDependency;
			target = 13B07F861A680F5B00A75B9A /* ton_keeper */;
			targetProxy = 00E356F41AD99517003FC87E /* PBXContainerItemProxy */;
		};
/* End PBXTargetDependency section */

/* Begin PBXVariantGroup section */
		C4380879292BD26A00FF5669 /* PassCode.stringsdict */ = {
			isa = PBXVariantGroup;
			children = (
				C4380878292BD26A00FF5669 /* en */,
				C438087A292BD26C00FF5669 /* ru */,
				50AD04982AD96A5D00E0648C /* tr */,
				50AD049A2AD96AFA00E0648C /* zh-Hans */,
			);
			name = PassCode.stringsdict;
			sourceTree = "<group>";
		};
		C4F5F2072927C85B00D08D79 /* PassCode.strings */ = {
			isa = PBXVariantGroup;
			children = (
				C4F5F2062927C85B00D08D79 /* en */,
				C4F5F2082927C88200D08D79 /* ru */,
				50AD04972AD96A5C00E0648C /* tr */,
				50AD04992AD96AFA00E0648C /* zh-Hans */,
			);
			name = PassCode.strings;
			sourceTree = "<group>";
		};
/* End PBXVariantGroup section */

/* Begin XCBuildConfiguration section */
		00E356F61AD99517003FC87E /* Debug */ = {
			isa = XCBuildConfiguration;
			baseConfigurationReference = 66B33E2FC88F6DF6B498F962 /* Pods-ton_keeper-ton_keeperTests.debug.xcconfig */;
			buildSettings = {
				BUNDLE_LOADER = "$(TEST_HOST)";
				GCC_PREPROCESSOR_DEFINITIONS = (
					"DEBUG=1",
					"$(inherited)",
				);
				INFOPLIST_FILE = ton_keeperTests/Info.plist;
				IPHONEOS_DEPLOYMENT_TARGET = 13.4;
				LD_RUNPATH_SEARCH_PATHS = (
					"$(inherited)",
					"@executable_path/Frameworks",
					"@loader_path/Frameworks",
				);
				OTHER_LDFLAGS = (
					"-ObjC",
					"-lc++",
					"$(inherited)",
				);
				OTHER_SWIFT_FLAGS = "$(inherited) -D EXPO_CONFIGURATION_DEBUG -D EXPO_CONFIGURATION_RELEASE";
				PRODUCT_BUNDLE_IDENTIFIER = "org.reactjs.native.example.$(PRODUCT_NAME:rfc1034identifier)";
				PRODUCT_NAME = "$(TARGET_NAME)";
				SWIFT_VERSION = 5.0;
				TEST_HOST = "$(BUILT_PRODUCTS_DIR)/ton_keeper.app/ton_keeper";
			};
			name = Debug;
		};
		00E356F71AD99517003FC87E /* Release */ = {
			isa = XCBuildConfiguration;
			baseConfigurationReference = 13F2E6614DA413C5933FA7B3 /* Pods-ton_keeper-ton_keeperTests.release.xcconfig */;
			buildSettings = {
				BUNDLE_LOADER = "$(TEST_HOST)";
				COPY_PHASE_STRIP = NO;
				INFOPLIST_FILE = ton_keeperTests/Info.plist;
				IPHONEOS_DEPLOYMENT_TARGET = 13.4;
				LD_RUNPATH_SEARCH_PATHS = (
					"$(inherited)",
					"@executable_path/Frameworks",
					"@loader_path/Frameworks",
				);
				OTHER_LDFLAGS = (
					"-ObjC",
					"-lc++",
					"$(inherited)",
				);
				OTHER_SWIFT_FLAGS = "$(inherited) -D EXPO_CONFIGURATION_RELEASE -D EXPO_CONFIGURATION_DEBUG";
				PRODUCT_BUNDLE_IDENTIFIER = "org.reactjs.native.example.$(PRODUCT_NAME:rfc1034identifier)";
				PRODUCT_NAME = "$(TARGET_NAME)";
				SWIFT_VERSION = 5.0;
				TEST_HOST = "$(BUILT_PRODUCTS_DIR)/ton_keeper.app/ton_keeper";
			};
			name = Release;
		};
		13B07F941A680F5B00A75B9A /* Debug */ = {
			isa = XCBuildConfiguration;
			baseConfigurationReference = C6251834116392B3FC02BA37 /* Pods-ton_keeper.debug.xcconfig */;
			buildSettings = {
				ASSETCATALOG_COMPILER_APPICON_NAME = AppIcon;
				CLANG_ENABLE_MODULES = YES;
				CODE_SIGN_ENTITLEMENTS = ton_keeper/ton_keeper.entitlements;
				CURRENT_PROJECT_VERSION = 600;
				DEFINES_MODULE = YES;
				DEVELOPMENT_TEAM = CT523DK2KC;
				ENABLE_BITCODE = NO;
				INFOPLIST_FILE = ton_keeper/SupportingFiles/Info.plist;
				IPHONEOS_DEPLOYMENT_TARGET = 13.4;
				LD_RUNPATH_SEARCH_PATHS = (
					"$(inherited)",
					"@executable_path/Frameworks",
				);
				MARKETING_VERSION = 4.6.0;
				OTHER_LDFLAGS = (
					"$(inherited)",
					"-ObjC",
					"-lc++",
				);
				OTHER_SWIFT_FLAGS = "$(inherited) -D EXPO_CONFIGURATION_DEBUG -D EXPO_CONFIGURATION_RELEASE";
				PRODUCT_BUNDLE_IDENTIFIER = com.jbig.tonkeeper;
				PRODUCT_NAME = ton_keeper;
				SWIFT_OBJC_BRIDGING_HEADER = "ton_keeper-Bridging-Header.h";
				SWIFT_OPTIMIZATION_LEVEL = "-Onone";
				SWIFT_VERSION = 5.0;
				TARGETED_DEVICE_FAMILY = 1;
				VALIDATE_WORKSPACE = YES;
				VERSIONING_SYSTEM = "apple-generic";
			};
			name = Debug;
		};
		13B07F951A680F5B00A75B9A /* Release */ = {
			isa = XCBuildConfiguration;
			baseConfigurationReference = 90508C4783A2D53FE0CB11CF /* Pods-ton_keeper.release.xcconfig */;
			buildSettings = {
				ASSETCATALOG_COMPILER_APPICON_NAME = AppIcon;
				CLANG_ENABLE_MODULES = YES;
				CODE_SIGN_ENTITLEMENTS = ton_keeper/ton_keeper.entitlements;
				CURRENT_PROJECT_VERSION = 600;
				DEFINES_MODULE = YES;
				DEVELOPMENT_TEAM = CT523DK2KC;
				INFOPLIST_FILE = ton_keeper/SupportingFiles/Info.plist;
				IPHONEOS_DEPLOYMENT_TARGET = 13.4;
				LD_RUNPATH_SEARCH_PATHS = (
					"$(inherited)",
					"@executable_path/Frameworks",
				);
				MARKETING_VERSION = 4.6.0;
				OTHER_LDFLAGS = (
					"$(inherited)",
					"-ObjC",
					"-lc++",
				);
				OTHER_SWIFT_FLAGS = "$(inherited) -D EXPO_CONFIGURATION_RELEASE -D EXPO_CONFIGURATION_DEBUG";
				PRODUCT_BUNDLE_IDENTIFIER = com.jbig.tonkeeper;
				PRODUCT_NAME = ton_keeper;
				SWIFT_OBJC_BRIDGING_HEADER = "ton_keeper-Bridging-Header.h";
				SWIFT_VERSION = 5.0;
				TARGETED_DEVICE_FAMILY = 1;
				VALIDATE_WORKSPACE = YES;
				VERSIONING_SYSTEM = "apple-generic";
			};
			name = Release;
		};
		83CBBA201A601CBA00E9B192 /* Debug */ = {
			isa = XCBuildConfiguration;
			buildSettings = {
				ALWAYS_SEARCH_USER_PATHS = NO;
				CLANG_ANALYZER_LOCALIZABILITY_NONLOCALIZED = YES;
				CLANG_CXX_LANGUAGE_STANDARD = "c++17";
				CLANG_CXX_LIBRARY = "libc++";
				CLANG_ENABLE_MODULES = YES;
				CLANG_ENABLE_OBJC_ARC = YES;
				CLANG_WARN_BLOCK_CAPTURE_AUTORELEASING = YES;
				CLANG_WARN_BOOL_CONVERSION = YES;
				CLANG_WARN_COMMA = YES;
				CLANG_WARN_CONSTANT_CONVERSION = YES;
				CLANG_WARN_DEPRECATED_OBJC_IMPLEMENTATIONS = YES;
				CLANG_WARN_DIRECT_OBJC_ISA_USAGE = YES_ERROR;
				CLANG_WARN_EMPTY_BODY = YES;
				CLANG_WARN_ENUM_CONVERSION = YES;
				CLANG_WARN_INFINITE_RECURSION = YES;
				CLANG_WARN_INT_CONVERSION = YES;
				CLANG_WARN_NON_LITERAL_NULL_CONVERSION = YES;
				CLANG_WARN_OBJC_IMPLICIT_RETAIN_SELF = YES;
				CLANG_WARN_OBJC_LITERAL_CONVERSION = YES;
				CLANG_WARN_OBJC_ROOT_CLASS = YES_ERROR;
				CLANG_WARN_QUOTED_INCLUDE_IN_FRAMEWORK_HEADER = YES;
				CLANG_WARN_RANGE_LOOP_ANALYSIS = YES;
				CLANG_WARN_STRICT_PROTOTYPES = YES;
				CLANG_WARN_SUSPICIOUS_MOVE = YES;
				CLANG_WARN_UNREACHABLE_CODE = YES;
				CLANG_WARN__DUPLICATE_METHOD_MATCH = YES;
				"CODE_SIGN_IDENTITY[sdk=iphoneos*]" = "iPhone Developer";
				COPY_PHASE_STRIP = NO;
				ENABLE_STRICT_OBJC_MSGSEND = YES;
				ENABLE_TESTABILITY = YES;
				"EXCLUDED_ARCHS[sdk=iphonesimulator*]" = i386;
				GCC_C_LANGUAGE_STANDARD = gnu99;
				GCC_DYNAMIC_NO_PIC = NO;
				GCC_NO_COMMON_BLOCKS = YES;
				GCC_OPTIMIZATION_LEVEL = 0;
				GCC_PREPROCESSOR_DEFINITIONS = (
					"DEBUG=1",
					"$(inherited)",
					_LIBCPP_ENABLE_CXX17_REMOVED_UNARY_BINARY_FUNCTION,
				);
				GCC_SYMBOLS_PRIVATE_EXTERN = NO;
				GCC_WARN_64_TO_32_BIT_CONVERSION = YES;
				GCC_WARN_ABOUT_RETURN_TYPE = YES_ERROR;
				GCC_WARN_UNDECLARED_SELECTOR = YES;
				GCC_WARN_UNINITIALIZED_AUTOS = YES_AGGRESSIVE;
				GCC_WARN_UNUSED_FUNCTION = YES;
				GCC_WARN_UNUSED_VARIABLE = YES;
				IPHONEOS_DEPLOYMENT_TARGET = 13.4;
				LD_RUNPATH_SEARCH_PATHS = (
					/usr/lib/swift,
					"$(inherited)",
				);
				LIBRARY_SEARCH_PATHS = (
					"$(SDKROOT)/usr/lib/swift",
					"\"$(TOOLCHAIN_DIR)/usr/lib/swift/$(PLATFORM_NAME)\"",
					"\"$(inherited)\"",
				);
				MTL_ENABLE_DEBUG_INFO = YES;
				ONLY_ACTIVE_ARCH = YES;
				OTHER_CFLAGS = "$(inherited)";
				OTHER_CPLUSPLUSFLAGS = "$(inherited)";
				OTHER_LDFLAGS = (
					"$(inherited)",
					"-Wl",
					"-ld_classic",
				);
				REACT_NATIVE_PATH = "${PODS_ROOT}/../../node_modules/react-native";
				SDKROOT = iphoneos;
			};
			name = Debug;
		};
		83CBBA211A601CBA00E9B192 /* Release */ = {
			isa = XCBuildConfiguration;
			buildSettings = {
				ALWAYS_SEARCH_USER_PATHS = NO;
				CLANG_ANALYZER_LOCALIZABILITY_NONLOCALIZED = YES;
				CLANG_CXX_LANGUAGE_STANDARD = "c++17";
				CLANG_CXX_LIBRARY = "libc++";
				CLANG_ENABLE_MODULES = YES;
				CLANG_ENABLE_OBJC_ARC = YES;
				CLANG_WARN_BLOCK_CAPTURE_AUTORELEASING = YES;
				CLANG_WARN_BOOL_CONVERSION = YES;
				CLANG_WARN_COMMA = YES;
				CLANG_WARN_CONSTANT_CONVERSION = YES;
				CLANG_WARN_DEPRECATED_OBJC_IMPLEMENTATIONS = YES;
				CLANG_WARN_DIRECT_OBJC_ISA_USAGE = YES_ERROR;
				CLANG_WARN_EMPTY_BODY = YES;
				CLANG_WARN_ENUM_CONVERSION = YES;
				CLANG_WARN_INFINITE_RECURSION = YES;
				CLANG_WARN_INT_CONVERSION = YES;
				CLANG_WARN_NON_LITERAL_NULL_CONVERSION = YES;
				CLANG_WARN_OBJC_IMPLICIT_RETAIN_SELF = YES;
				CLANG_WARN_OBJC_LITERAL_CONVERSION = YES;
				CLANG_WARN_OBJC_ROOT_CLASS = YES_ERROR;
				CLANG_WARN_QUOTED_INCLUDE_IN_FRAMEWORK_HEADER = YES;
				CLANG_WARN_RANGE_LOOP_ANALYSIS = YES;
				CLANG_WARN_STRICT_PROTOTYPES = YES;
				CLANG_WARN_SUSPICIOUS_MOVE = YES;
				CLANG_WARN_UNREACHABLE_CODE = YES;
				CLANG_WARN__DUPLICATE_METHOD_MATCH = YES;
				"CODE_SIGN_IDENTITY[sdk=iphoneos*]" = "iPhone Developer";
				COPY_PHASE_STRIP = YES;
				ENABLE_NS_ASSERTIONS = NO;
				ENABLE_STRICT_OBJC_MSGSEND = YES;
				"EXCLUDED_ARCHS[sdk=iphonesimulator*]" = i386;
				GCC_C_LANGUAGE_STANDARD = gnu99;
				GCC_NO_COMMON_BLOCKS = YES;
				GCC_PREPROCESSOR_DEFINITIONS = (
					"$(inherited)",
					_LIBCPP_ENABLE_CXX17_REMOVED_UNARY_BINARY_FUNCTION,
				);
				GCC_WARN_64_TO_32_BIT_CONVERSION = YES;
				GCC_WARN_ABOUT_RETURN_TYPE = YES_ERROR;
				GCC_WARN_UNDECLARED_SELECTOR = YES;
				GCC_WARN_UNINITIALIZED_AUTOS = YES_AGGRESSIVE;
				GCC_WARN_UNUSED_FUNCTION = YES;
				GCC_WARN_UNUSED_VARIABLE = YES;
				IPHONEOS_DEPLOYMENT_TARGET = 13.4;
				LD_RUNPATH_SEARCH_PATHS = (
					/usr/lib/swift,
					"$(inherited)",
				);
				LIBRARY_SEARCH_PATHS = (
					"$(SDKROOT)/usr/lib/swift",
					"\"$(TOOLCHAIN_DIR)/usr/lib/swift/$(PLATFORM_NAME)\"",
					"\"$(inherited)\"",
				);
				MTL_ENABLE_DEBUG_INFO = NO;
				OTHER_CFLAGS = "$(inherited)";
				OTHER_CPLUSPLUSFLAGS = "$(inherited)";
				OTHER_LDFLAGS = (
					"$(inherited)",
					"-Wl",
					"-ld_classic",
				);
				REACT_NATIVE_PATH = "${PODS_ROOT}/../../node_modules/react-native";
				SDKROOT = iphoneos;
				VALIDATE_PRODUCT = YES;
			};
			name = Release;
		};
/* End XCBuildConfiguration section */

/* Begin XCConfigurationList section */
		00E357021AD99517003FC87E /* Build configuration list for PBXNativeTarget "ton_keeperTests" */ = {
			isa = XCConfigurationList;
			buildConfigurations = (
				00E356F61AD99517003FC87E /* Debug */,
				00E356F71AD99517003FC87E /* Release */,
			);
			defaultConfigurationIsVisible = 0;
			defaultConfigurationName = Release;
		};
		13B07F931A680F5B00A75B9A /* Build configuration list for PBXNativeTarget "ton_keeper" */ = {
			isa = XCConfigurationList;
			buildConfigurations = (
				13B07F941A680F5B00A75B9A /* Debug */,
				13B07F951A680F5B00A75B9A /* Release */,
			);
			defaultConfigurationIsVisible = 0;
			defaultConfigurationName = Release;
		};
		83CBB9FA1A601CBA00E9B192 /* Build configuration list for PBXProject "ton_keeper" */ = {
			isa = XCConfigurationList;
			buildConfigurations = (
				83CBBA201A601CBA00E9B192 /* Debug */,
				83CBBA211A601CBA00E9B192 /* Release */,
			);
			defaultConfigurationIsVisible = 0;
			defaultConfigurationName = Release;
		};
/* End XCConfigurationList section */
	};
	rootObject = 83CBB9F71A601CBA00E9B192 /* Project object */;
}
